{"format_version":"1.2","terraform_version":"1.7.3","variables":{"data_pvt_subnets":{"value":["pvt1","pvt2"]},"data_subnets":{"value":["pub1","pub2"]},"my_region":{"value":"us-west-1"},"subnet_names":{"value":["pub1","pub2","pvt1","pvt2"]},"vpc_cidr":{"value":"10.0.0.0/16"}},"planned_values":{"outputs":{"publicIp":{"sensitive":false,"type":"string","value":"54.153.48.240"}},"root_module":{"resources":[{"address":"aws_eip.myeip","mode":"managed","type":"aws_eip","name":"myeip","provider_name":"registry.terraform.io/hashicorp/aws","schema_version":0,"values":{"address":null,"allocation_id":"eipalloc-0074c5070839b5470","arn":"arn:aws:ec2:us-west-1:851725537031:elastic-ip/eipalloc-0074c5070839b5470","associate_with_private_ip":null,"association_id":"eipassoc-0e63cf73b723e400b","carrier_ip":"","customer_owned_ip":"","customer_owned_ipv4_pool":"","domain":"vpc","id":"eipalloc-0074c5070839b5470","instance":"","network_border_group":"us-west-1","network_interface":"eni-0751eaf9f92d8e0a2","private_dns":"ip-10-0-0-96.us-west-1.compute.internal","private_ip":"10.0.0.96","ptr_record":"","public_dns":"ec2-52-53-51-38.us-west-1.compute.amazonaws.com","public_ip":"52.53.51.38","public_ipv4_pool":"amazon","tags":{},"tags_all":{},"timeouts":null,"vpc":true},"sensitive_values":{"tags":{},"tags_all":{}}},{"address":"aws_instance.myec2","mode":"managed","type":"aws_instance","name":"myec2","provider_name":"registry.terraform.io/hashicorp/aws","schema_version":1,"values":{"ami":"ami-00b83635663b87a05","arn":"arn:aws:ec2:us-west-1:851725537031:instance/i-04336839f735f7ba2","associate_public_ip_address":true,"availability_zone":"us-west-1c","capacity_reservation_specification":[{"capacity_reservation_preference":"open","capacity_reservation_target":[]}],"cpu_core_count":1,"cpu_options":[{"amd_sev_snp":"","core_count":1,"threads_per_core":1}],"cpu_threads_per_core":1,"credit_specification":[{"cpu_credits":"standard"}],"disable_api_stop":false,"disable_api_termination":false,"ebs_block_device":[],"ebs_optimized":false,"enclave_options":[{"enabled":false}],"ephemeral_block_device":[],"get_password_data":false,"hibernation":false,"host_id":"","host_resource_group_arn":null,"iam_instance_profile":"","id":"i-04336839f735f7ba2","instance_initiated_shutdown_behavior":"stop","instance_lifecycle":"","instance_market_options":[],"instance_state":"running","instance_type":"t2.micro","ipv6_address_count":0,"ipv6_addresses":[],"key_name":"mykeypair","launch_template":[],"maintenance_options":[{"auto_recovery":"default"}],"metadata_options":[{"http_endpoint":"enabled","http_protocol_ipv6":"disabled","http_put_response_hop_limit":1,"http_tokens":"optional","instance_metadata_tags":"disabled"}],"monitoring":false,"network_interface":[],"outpost_arn":"","password_data":"","placement_group":"","placement_partition_number":0,"primary_network_interface_id":"eni-0df19759f0c725268","private_dns":"ip-10-0-0-119.us-west-1.compute.internal","private_dns_name_options":[{"enable_resource_name_dns_a_record":false,"enable_resource_name_dns_aaaa_record":false,"hostname_type":"ip-name"}],"private_ip":"10.0.0.119","public_dns":"","public_ip":"54.153.48.240","root_block_device":[{"delete_on_termination":true,"device_name":"/dev/sda1","encrypted":false,"iops":100,"kms_key_id":"","tags":{},"tags_all":{},"throughput":0,"volume_id":"vol-0c91a13b497e3b8de","volume_size":8,"volume_type":"gp2"}],"secondary_private_ips":[],"security_groups":[],"source_dest_check":true,"spot_instance_request_id":"","subnet_id":"subnet-0840fdd49089e7704","tags":{},"tags_all":{},"tenancy":"default","timeouts":null,"user_data":null,"user_data_base64":null,"user_data_replace_on_change":false,"volume_tags":null,"vpc_security_group_ids":["sg-012211a0d351f8cc8"]},"sensitive_values":{"capacity_reservation_specification":[{"capacity_reservation_target":[]}],"cpu_options":[{}],"credit_specification":[{}],"ebs_block_device":[],"enclave_options":[{}],"ephemeral_block_device":[],"instance_market_options":[],"ipv6_addresses":[],"launch_template":[],"maintenance_options":[{}],"metadata_options":[{}],"network_interface":[],"private_dns_name_options":[{}],"root_block_device":[{"tags":{},"tags_all":{}}],"secondary_private_ips":[],"security_groups":[],"tags":{},"tags_all":{},"vpc_security_group_ids":[false]}},{"address":"aws_internet_gateway.mygateway","mode":"managed","type":"aws_internet_gateway","name":"mygateway","provider_name":"registry.terraform.io/hashicorp/aws","schema_version":0,"values":{"arn":"arn:aws:ec2:us-west-1:851725537031:internet-gateway/igw-05e9b3c0dd90d6c08","id":"igw-05e9b3c0dd90d6c08","owner_id":"851725537031","tags":{"Name":"myGw"},"tags_all":{"Name":"myGw"},"timeouts":null,"vpc_id":"vpc-07505f4f1bbfe54e2"},"sensitive_values":{"tags":{},"tags_all":{}}},{"address":"aws_key_pair.mykeypair","mode":"managed","type":"aws_key_pair","name":"mykeypair","provider_name":"registry.terraform.io/hashicorp/aws","schema_version":1,"values":{"arn":"arn:aws:ec2:us-west-1:851725537031:key-pair/mykeypair","fingerprint":"3wSHWwAqRapoPIe/T5oS5mWaRaHjVEZSLj+lcoDXk1s=","id":"mykeypair","key_name":"mykeypair","key_name_prefix":"","key_pair_id":"key-0411576cc4f686dd0","key_type":"ed25519","public_key":"ssh-ed25519 AAAAC3NzaC1lZDI1NTE5AAAAIMyVBj9H2GDA1903h9ch/U+61XBeL6VNCNpq3sq8OtbA USER@DESKTOP-78RT4IB","tags":{},"tags_all":{}},"sensitive_values":{"tags":{},"tags_all":{}}},{"address":"aws_lb.myLoadBalncer","mode":"managed","type":"aws_lb","name":"myLoadBalncer","provider_name":"registry.terraform.io/hashicorp/aws","schema_version":0,"values":{"access_logs":[],"client_keep_alive":3600,"connection_logs":[],"customer_owned_ipv4_pool":null,"desync_mitigation_mode":"defensive","dns_record_client_routing_policy":null,"drop_invalid_header_fields":false,"enable_cross_zone_load_balancing":null,"enable_deletion_protection":false,"enable_http2":true,"enable_tls_version_and_cipher_suite_headers":false,"enable_waf_fail_open":false,"enable_xff_client_port":false,"idle_timeout":60,"internal":false,"load_balancer_type":"application","name":"ApplicationLoadBalancer","preserve_host_header":false,"security_groups":["sg-012211a0d351f8cc8"],"subnet_mapping":[{"allocation_id":"","ipv6_address":"","private_ipv4_address":"","subnet_id":"subnet-0840fdd49089e7704"},{"allocation_id":"","ipv6_address":"","private_ipv4_address":"","subnet_id":"subnet-0a879088831017b2b"}],"tags":null,"timeouts":null,"xff_header_processing_mode":"append"},"sensitive_values":{"access_logs":[],"connection_logs":[],"security_groups":[false],"subnet_mapping":[{},{}],"subnets":[],"tags_all":{}}},{"address":"aws_lb_target_group.myalb_target_group","mode":"managed","type":"aws_lb_target_group","name":"myalb_target_group","provider_name":"registry.terraform.io/hashicorp/aws","schema_version":0,"values":{"arn":"arn:aws:elasticloadbalancing:us-west-1:851725537031:targetgroup/tf-example-lb-tg/b1b214358d4dd3d1","arn_suffix":"targetgroup/tf-example-lb-tg/b1b214358d4dd3d1","connection_termination":null,"deregistration_delay":"300","health_check":[{"enabled":true,"healthy_threshold":5,"interval":30,"matcher":"200","path":"/","port":"traffic-port","protocol":"HTTP","timeout":5,"unhealthy_threshold":2}],"id":"arn:aws:elasticloadbalancing:us-west-1:851725537031:targetgroup/tf-example-lb-tg/b1b214358d4dd3d1","ip_address_type":"ipv4","lambda_multi_value_headers_enabled":false,"load_balancer_arns":[],"load_balancing_algorithm_type":"round_robin","load_balancing_anomaly_mitigation":"off","load_balancing_cross_zone_enabled":"use_load_balancer_configuration","name":"tf-example-lb-tg","name_prefix":"","port":80,"preserve_client_ip":null,"protocol":"HTTP","protocol_version":"HTTP1","proxy_protocol_v2":false,"slow_start":0,"stickiness":[{"cookie_duration":86400,"cookie_name":"","enabled":false,"type":"lb_cookie"}],"tags":{},"tags_all":{},"target_failover":[{"on_deregistration":null,"on_unhealthy":null}],"target_health_state":[{"enable_unhealthy_connection_termination":null}],"target_type":"instance","vpc_id":"vpc-07505f4f1bbfe54e2"},"sensitive_values":{"health_check":[{}],"load_balancer_arns":[],"stickiness":[{}],"tags":{},"tags_all":{},"target_failover":[{}],"target_health_state":[{}]}},{"address":"aws_lb_target_group_attachment.MytargetGroupAttachment","mode":"managed","type":"aws_lb_target_group_attachment","name":"MytargetGroupAttachment","provider_name":"registry.terraform.io/hashicorp/aws","schema_version":0,"values":{"availability_zone":null,"id":"arn:aws:elasticloadbalancing:us-west-1:851725537031:targetgroup/tf-example-lb-tg/b1b214358d4dd3d1-20240627044843746100000004","port":80,"target_group_arn":"arn:aws:elasticloadbalancing:us-west-1:851725537031:targetgroup/tf-example-lb-tg/b1b214358d4dd3d1","target_id":"i-04336839f735f7ba2"},"sensitive_values":{}},{"address":"aws_nat_gateway.mynatgateway","mode":"managed","type":"aws_nat_gateway","name":"mynatgateway","provider_name":"registry.terraform.io/hashicorp/aws","schema_version":0,"values":{"allocation_id":"eipalloc-0074c5070839b5470","association_id":"eipassoc-0e63cf73b723e400b","connectivity_type":"public","id":"nat-09cdf73fa22ce324c","network_interface_id":"eni-0751eaf9f92d8e0a2","private_ip":"10.0.0.96","public_ip":"52.53.51.38","secondary_allocation_ids":[],"secondary_private_ip_address_count":0,"secondary_private_ip_addresses":[],"subnet_id":"subnet-0840fdd49089e7704","tags":{},"tags_all":{},"timeouts":null},"sensitive_values":{"secondary_allocation_ids":[],"secondary_private_ip_addresses":[],"tags":{},"tags_all":{}}},{"address":"aws_route.publicRoute","mode":"managed","type":"aws_route","name":"publicRoute","provider_name":"registry.terraform.io/hashicorp/aws","schema_version":0,"values":{"carrier_gateway_id":"","core_network_arn":"","destination_cidr_block":"0.0.0.0/0","destination_ipv6_cidr_block":"","destination_prefix_list_id":"","egress_only_gateway_id":"","gateway_id":"igw-05e9b3c0dd90d6c08","id":"r-rtb-0786f546f20694e101080289494","instance_id":"","instance_owner_id":"","local_gateway_id":"","nat_gateway_id":"","network_interface_id":"","origin":"CreateRoute","route_table_id":"rtb-0786f546f20694e10","state":"active","timeouts":null,"transit_gateway_id":"","vpc_endpoint_id":"","vpc_peering_connection_id":""},"sensitive_values":{}},{"address":"aws_route_table.publicRoteTable","mode":"managed","type":"aws_route_table","name":"publicRoteTable","provider_name":"registry.terraform.io/hashicorp/aws","schema_version":0,"values":{"arn":"arn:aws:ec2:us-west-1:851725537031:route-table/rtb-0786f546f20694e10","id":"rtb-0786f546f20694e10","owner_id":"851725537031","propagating_vgws":[],"route":[{"carrier_gateway_id":"","cidr_block":"0.0.0.0/0","core_network_arn":"","destination_prefix_list_id":"","egress_only_gateway_id":"","gateway_id":"igw-05e9b3c0dd90d6c08","ipv6_cidr_block":"","local_gateway_id":"","nat_gateway_id":"","network_interface_id":"","transit_gateway_id":"","vpc_endpoint_id":"","vpc_peering_connection_id":""}],"tags":{},"tags_all":{},"timeouts":null,"vpc_id":"vpc-07505f4f1bbfe54e2"},"sensitive_values":{"propagating_vgws":[],"route":[{}],"tags":{},"tags_all":{}}},{"address":"aws_route_table.pvtRt","mode":"managed","type":"aws_route_table","name":"pvtRt","provider_name":"registry.terraform.io/hashicorp/aws","schema_version":0,"values":{"arn":"arn:aws:ec2:us-west-1:851725537031:route-table/rtb-0ad7dc4a45c2569fa","id":"rtb-0ad7dc4a45c2569fa","owner_id":"851725537031","propagating_vgws":[],"route":[{"carrier_gateway_id":"","cidr_block":"0.0.0.0/0","core_network_arn":"","destination_prefix_list_id":"","egress_only_gateway_id":"","gateway_id":"","ipv6_cidr_block":"","local_gateway_id":"","nat_gateway_id":"nat-09cdf73fa22ce324c","network_interface_id":"","transit_gateway_id":"","vpc_endpoint_id":"","vpc_peering_connection_id":""}],"tags":{},"tags_all":{},"timeouts":null,"vpc_id":"vpc-07505f4f1bbfe54e2"},"sensitive_values":{"propagating_vgws":[],"route":[{}],"tags":{},"tags_all":{}}},{"address":"aws_route_table_association.PubSubAssociation[0]","mode":"managed","type":"aws_route_table_association","name":"PubSubAssociation","index":0,"provider_name":"registry.terraform.io/hashicorp/aws","schema_version":0,"values":{"gateway_id":"","id":"rtbassoc-03502c29aa4ee30c7","route_table_id":"rtb-0786f546f20694e10","subnet_id":"subnet-0840fdd49089e7704","timeouts":null},"sensitive_values":{}},{"address":"aws_route_table_association.PubSubAssociation[1]","mode":"managed","type":"aws_route_table_association","name":"PubSubAssociation","index":1,"provider_name":"registry.terraform.io/hashicorp/aws","schema_version":0,"values":{"gateway_id":"","id":"rtbassoc-07f1132b80dae5b81","route_table_id":"rtb-0786f546f20694e10","subnet_id":"subnet-0cc7a86207882b318","timeouts":null},"sensitive_values":{}},{"address":"aws_route_table_association.pvtSubnetAssociation[0]","mode":"managed","type":"aws_route_table_association","name":"pvtSubnetAssociation","index":0,"provider_name":"registry.terraform.io/hashicorp/aws","schema_version":0,"values":{"gateway_id":"","id":"rtbassoc-0592e45e47ad35a6f","route_table_id":"rtb-0ad7dc4a45c2569fa","subnet_id":"subnet-0a879088831017b2b","timeouts":null},"sensitive_values":{}},{"address":"aws_route_table_association.pvtSubnetAssociation[1]","mode":"managed","type":"aws_route_table_association","name":"pvtSubnetAssociation","index":1,"provider_name":"registry.terraform.io/hashicorp/aws","schema_version":0,"values":{"gateway_id":"","id":"rtbassoc-0bc61a7c2b9d6fcac","route_table_id":"rtb-0ad7dc4a45c2569fa","subnet_id":"subnet-0503de417e752c022","timeouts":null},"sensitive_values":{}},{"address":"aws_security_group.my_lb__ec2_sg","mode":"managed","type":"aws_security_group","name":"my_lb__ec2_sg","provider_name":"registry.terraform.io/hashicorp/aws","schema_version":1,"values":{"arn":"arn:aws:ec2:us-west-1:851725537031:security-group/sg-012211a0d351f8cc8","description":"open the port 22 and 80","egress":[{"cidr_blocks":["0.0.0.0/0"],"description":"","from_port":0,"ipv6_cidr_blocks":[],"prefix_list_ids":[],"protocol":"-1","security_groups":[],"self":false,"to_port":0}],"id":"sg-012211a0d351f8cc8","ingress":[{"cidr_blocks":["0.0.0.0/0"],"description":"","from_port":22,"ipv6_cidr_blocks":[],"prefix_list_ids":[],"protocol":"tcp","security_groups":[],"self":false,"to_port":22},{"cidr_blocks":["0.0.0.0/0"],"description":"","from_port":80,"ipv6_cidr_blocks":[],"prefix_list_ids":[],"protocol":"tcp","security_groups":[],"self":false,"to_port":80}],"name":"mysecuritygroup","name_prefix":"","owner_id":"851725537031","revoke_rules_on_delete":false,"tags":{"Name":"allow_all"},"tags_all":{"Name":"allow_all"},"timeouts":null,"vpc_id":"vpc-07505f4f1bbfe54e2"},"sensitive_values":{"egress":[{"cidr_blocks":[false],"ipv6_cidr_blocks":[],"prefix_list_ids":[],"security_groups":[]}],"ingress":[{"cidr_blocks":[false],"ipv6_cidr_blocks":[],"prefix_list_ids":[],"security_groups":[]},{"cidr_blocks":[false],"ipv6_cidr_blocks":[],"prefix_list_ids":[],"security_groups":[]}],"tags":{},"tags_all":{}}},{"address":"aws_subnet.subnets[0]","mode":"managed","type":"aws_subnet","name":"subnets","index":0,"provider_name":"registry.terraform.io/hashicorp/aws","schema_version":1,"values":{"arn":"arn:aws:ec2:us-west-1:851725537031:subnet/subnet-0840fdd49089e7704","assign_ipv6_address_on_creation":false,"availability_zone":"us-west-1c","availability_zone_id":"usw1-az1","cidr_block":"10.0.0.0/24","customer_owned_ipv4_pool":"","enable_dns64":false,"enable_lni_at_device_index":0,"enable_resource_name_dns_a_record_on_launch":false,"enable_resource_name_dns_aaaa_record_on_launch":false,"id":"subnet-0840fdd49089e7704","ipv6_cidr_block":"","ipv6_cidr_block_association_id":"","ipv6_native":false,"map_customer_owned_ip_on_launch":false,"map_public_ip_on_launch":false,"outpost_arn":"","owner_id":"851725537031","private_dns_hostname_type_on_launch":"ip-name","tags":{"Name":"pub1"},"tags_all":{"Name":"pub1"},"timeouts":null,"vpc_id":"vpc-07505f4f1bbfe54e2"},"sensitive_values":{"tags":{},"tags_all":{}}},{"address":"aws_subnet.subnets[1]","mode":"managed","type":"aws_subnet","name":"subnets","index":1,"provider_name":"registry.terraform.io/hashicorp/aws","schema_version":1,"values":{"arn":"arn:aws:ec2:us-west-1:851725537031:subnet/subnet-0cc7a86207882b318","assign_ipv6_address_on_creation":false,"availability_zone":"us-west-1b","availability_zone_id":"usw1-az3","cidr_block":"10.0.1.0/24","customer_owned_ipv4_pool":"","enable_dns64":false,"enable_lni_at_device_index":0,"enable_resource_name_dns_a_record_on_launch":false,"enable_resource_name_dns_aaaa_record_on_launch":false,"id":"subnet-0cc7a86207882b318","ipv6_cidr_block":"","ipv6_cidr_block_association_id":"","ipv6_native":false,"map_customer_owned_ip_on_launch":false,"map_public_ip_on_launch":false,"outpost_arn":"","owner_id":"851725537031","private_dns_hostname_type_on_launch":"ip-name","tags":{"Name":"pub2"},"tags_all":{"Name":"pub2"},"timeouts":null,"vpc_id":"vpc-07505f4f1bbfe54e2"},"sensitive_values":{"tags":{},"tags_all":{}}},{"address":"aws_subnet.subnets[2]","mode":"managed","type":"aws_subnet","name":"subnets","index":2,"provider_name":"registry.terraform.io/hashicorp/aws","schema_version":1,"values":{"arn":"arn:aws:ec2:us-west-1:851725537031:subnet/subnet-0503de417e752c022","assign_ipv6_address_on_creation":false,"availability_zone":"us-west-1c","availability_zone_id":"usw1-az1","cidr_block":"10.0.2.0/24","customer_owned_ipv4_pool":"","enable_dns64":false,"enable_lni_at_device_index":0,"enable_resource_name_dns_a_record_on_launch":false,"enable_resource_name_dns_aaaa_record_on_launch":false,"id":"subnet-0503de417e752c022","ipv6_cidr_block":"","ipv6_cidr_block_association_id":"","ipv6_native":false,"map_customer_owned_ip_on_launch":false,"map_public_ip_on_launch":false,"outpost_arn":"","owner_id":"851725537031","private_dns_hostname_type_on_launch":"ip-name","tags":{"Name":"pvt1"},"tags_all":{"Name":"pvt1"},"timeouts":null,"vpc_id":"vpc-07505f4f1bbfe54e2"},"sensitive_values":{"tags":{},"tags_all":{}}},{"address":"aws_subnet.subnets[3]","mode":"managed","type":"aws_subnet","name":"subnets","index":3,"provider_name":"registry.terraform.io/hashicorp/aws","schema_version":1,"values":{"arn":"arn:aws:ec2:us-west-1:851725537031:subnet/subnet-0a879088831017b2b","assign_ipv6_address_on_creation":false,"availability_zone":"us-west-1c","availability_zone_id":"usw1-az1","cidr_block":"10.0.3.0/24","customer_owned_ipv4_pool":"","enable_dns64":false,"enable_lni_at_device_index":0,"enable_resource_name_dns_a_record_on_launch":false,"enable_resource_name_dns_aaaa_record_on_launch":false,"id":"subnet-0a879088831017b2b","ipv6_cidr_block":"","ipv6_cidr_block_association_id":"","ipv6_native":false,"map_customer_owned_ip_on_launch":false,"map_public_ip_on_launch":false,"outpost_arn":"","owner_id":"851725537031","private_dns_hostname_type_on_launch":"ip-name","tags":{"Name":"pvt2"},"tags_all":{"Name":"pvt2"},"timeouts":null,"vpc_id":"vpc-07505f4f1bbfe54e2"},"sensitive_values":{"tags":{},"tags_all":{}}},{"address":"aws_vpc.trailvpc","mode":"managed","type":"aws_vpc","name":"trailvpc","provider_name":"registry.terraform.io/hashicorp/aws","schema_version":1,"values":{"arn":"arn:aws:ec2:us-west-1:851725537031:vpc/vpc-07505f4f1bbfe54e2","assign_generated_ipv6_cidr_block":false,"cidr_block":"10.0.0.0/16","default_network_acl_id":"acl-02c68866dc7e1a744","default_route_table_id":"rtb-0cd1affc9f8070fb8","default_security_group_id":"sg-001cef8094bd594b0","dhcp_options_id":"dopt-01d1484bc4e99aa18","enable_dns_hostnames":false,"enable_dns_support":true,"enable_network_address_usage_metrics":false,"id":"vpc-07505f4f1bbfe54e2","instance_tenancy":"default","ipv4_ipam_pool_id":null,"ipv4_netmask_length":null,"ipv6_association_id":"","ipv6_cidr_block":"","ipv6_cidr_block_network_border_group":"","ipv6_ipam_pool_id":"","ipv6_netmask_length":0,"main_route_table_id":"rtb-0cd1affc9f8070fb8","owner_id":"851725537031","tags":{},"tags_all":{}},"sensitive_values":{"tags":{},"tags_all":{}}}]}},"resource_drift":[{"address":"aws_eip.myeip","mode":"managed","type":"aws_eip","name":"myeip","provider_name":"registry.terraform.io/hashicorp/aws","change":{"actions":["update"],"before":{"address":null,"allocation_id":"eipalloc-0074c5070839b5470","arn":"arn:aws:ec2:us-west-1:851725537031:elastic-ip/eipalloc-0074c5070839b5470","associate_with_private_ip":null,"association_id":"","carrier_ip":"","customer_owned_ip":"","customer_owned_ipv4_pool":"","domain":"vpc","id":"eipalloc-0074c5070839b5470","instance":"","network_border_group":"us-west-1","network_interface":"","private_dns":null,"private_ip":"","ptr_record":"","public_dns":"ec2-52-53-51-38.us-west-1.compute.amazonaws.com","public_ip":"52.53.51.38","public_ipv4_pool":"amazon","tags":null,"tags_all":{},"timeouts":null,"vpc":true},"after":{"address":null,"allocation_id":"eipalloc-0074c5070839b5470","arn":"arn:aws:ec2:us-west-1:851725537031:elastic-ip/eipalloc-0074c5070839b5470","associate_with_private_ip":null,"association_id":"eipassoc-0e63cf73b723e400b","carrier_ip":"","customer_owned_ip":"","customer_owned_ipv4_pool":"","domain":"vpc","id":"eipalloc-0074c5070839b5470","instance":"","network_border_group":"us-west-1","network_interface":"eni-0751eaf9f92d8e0a2","private_dns":"ip-10-0-0-96.us-west-1.compute.internal","private_ip":"10.0.0.96","ptr_record":"","public_dns":"ec2-52-53-51-38.us-west-1.compute.amazonaws.com","public_ip":"52.53.51.38","public_ipv4_pool":"amazon","tags":{},"tags_all":{},"timeouts":null,"vpc":true},"after_unknown":{},"before_sensitive":{"tags_all":{}},"after_sensitive":{"tags":{},"tags_all":{}}}},{"address":"aws_instance.myec2","mode":"managed","type":"aws_instance","name":"myec2","provider_name":"registry.terraform.io/hashicorp/aws","change":{"actions":["update"],"before":{"ami":"ami-00b83635663b87a05","arn":"arn:aws:ec2:us-west-1:851725537031:instance/i-04336839f735f7ba2","associate_public_ip_address":true,"availability_zone":"us-west-1c","capacity_reservation_specification":[{"capacity_reservation_preference":"open","capacity_reservation_target":[]}],"cpu_core_count":1,"cpu_options":[{"amd_sev_snp":"","core_count":1,"threads_per_core":1}],"cpu_threads_per_core":1,"credit_specification":[{"cpu_credits":"standard"}],"disable_api_stop":false,"disable_api_termination":false,"ebs_block_device":[],"ebs_optimized":false,"enclave_options":[{"enabled":false}],"ephemeral_block_device":[],"get_password_data":false,"hibernation":false,"host_id":"","host_resource_group_arn":null,"iam_instance_profile":"","id":"i-04336839f735f7ba2","instance_initiated_shutdown_behavior":"stop","instance_lifecycle":"","instance_market_options":[],"instance_state":"running","instance_type":"t2.micro","ipv6_address_count":0,"ipv6_addresses":[],"key_name":"mykeypair","launch_template":[],"maintenance_options":[{"auto_recovery":"default"}],"metadata_options":[{"http_endpoint":"enabled","http_protocol_ipv6":"disabled","http_put_response_hop_limit":1,"http_tokens":"optional","instance_metadata_tags":"disabled"}],"monitoring":false,"network_interface":[],"outpost_arn":"","password_data":"","placement_group":"","placement_partition_number":0,"primary_network_interface_id":"eni-0df19759f0c725268","private_dns":"ip-10-0-0-119.us-west-1.compute.internal","private_dns_name_options":[{"enable_resource_name_dns_a_record":false,"enable_resource_name_dns_aaaa_record":false,"hostname_type":"ip-name"}],"private_ip":"10.0.0.119","public_dns":"","public_ip":"54.153.48.240","root_block_device":[{"delete_on_termination":true,"device_name":"/dev/sda1","encrypted":false,"iops":100,"kms_key_id":"","tags":{},"tags_all":{},"throughput":0,"volume_id":"vol-0c91a13b497e3b8de","volume_size":8,"volume_type":"gp2"}],"secondary_private_ips":[],"security_groups":[],"source_dest_check":true,"spot_instance_request_id":"","subnet_id":"subnet-0840fdd49089e7704","tags":null,"tags_all":{},"tenancy":"default","timeouts":null,"user_data":null,"user_data_base64":null,"user_data_replace_on_change":false,"volume_tags":null,"vpc_security_group_ids":["sg-012211a0d351f8cc8"]},"after":{"ami":"ami-00b83635663b87a05","arn":"arn:aws:ec2:us-west-1:851725537031:instance/i-04336839f735f7ba2","associate_public_ip_address":true,"availability_zone":"us-west-1c","capacity_reservation_specification":[{"capacity_reservation_preference":"open","capacity_reservation_target":[]}],"cpu_core_count":1,"cpu_options":[{"amd_sev_snp":"","core_count":1,"threads_per_core":1}],"cpu_threads_per_core":1,"credit_specification":[{"cpu_credits":"standard"}],"disable_api_stop":false,"disable_api_termination":false,"ebs_block_device":[],"ebs_optimized":false,"enclave_options":[{"enabled":false}],"ephemeral_block_device":[],"get_password_data":false,"hibernation":false,"host_id":"","host_resource_group_arn":null,"iam_instance_profile":"","id":"i-04336839f735f7ba2","instance_initiated_shutdown_behavior":"stop","instance_lifecycle":"","instance_market_options":[],"instance_state":"running","instance_type":"t2.micro","ipv6_address_count":0,"ipv6_addresses":[],"key_name":"mykeypair","launch_template":[],"maintenance_options":[{"auto_recovery":"default"}],"metadata_options":[{"http_endpoint":"enabled","http_protocol_ipv6":"disabled","http_put_response_hop_limit":1,"http_tokens":"optional","instance_metadata_tags":"disabled"}],"monitoring":false,"network_interface":[],"outpost_arn":"","password_data":"","placement_group":"","placement_partition_number":0,"primary_network_interface_id":"eni-0df19759f0c725268","private_dns":"ip-10-0-0-119.us-west-1.compute.internal","private_dns_name_options":[{"enable_resource_name_dns_a_record":false,"enable_resource_name_dns_aaaa_record":false,"hostname_type":"ip-name"}],"private_ip":"10.0.0.119","public_dns":"","public_ip":"54.153.48.240","root_block_device":[{"delete_on_termination":true,"device_name":"/dev/sda1","encrypted":false,"iops":100,"kms_key_id":"","tags":{},"tags_all":{},"throughput":0,"volume_id":"vol-0c91a13b497e3b8de","volume_size":8,"volume_type":"gp2"}],"secondary_private_ips":[],"security_groups":[],"source_dest_check":true,"spot_instance_request_id":"","subnet_id":"subnet-0840fdd49089e7704","tags":{},"tags_all":{},"tenancy":"default","timeouts":null,"user_data":null,"user_data_base64":null,"user_data_replace_on_change":false,"volume_tags":null,"vpc_security_group_ids":["sg-012211a0d351f8cc8"]},"after_unknown":{},"before_sensitive":{"capacity_reservation_specification":[{"capacity_reservation_target":[]}],"cpu_options":[{}],"credit_specification":[{}],"ebs_block_device":[],"enclave_options":[{}],"ephemeral_block_device":[],"instance_market_options":[],"ipv6_addresses":[],"launch_template":[],"maintenance_options":[{}],"metadata_options":[{}],"network_interface":[],"private_dns_name_options":[{}],"root_block_device":[{"tags":{},"tags_all":{}}],"secondary_private_ips":[],"security_groups":[],"tags_all":{},"vpc_security_group_ids":[false]},"after_sensitive":{"capacity_reservation_specification":[{"capacity_reservation_target":[]}],"cpu_options":[{}],"credit_specification":[{}],"ebs_block_device":[],"enclave_options":[{}],"ephemeral_block_device":[],"instance_market_options":[],"ipv6_addresses":[],"launch_template":[],"maintenance_options":[{}],"metadata_options":[{}],"network_interface":[],"private_dns_name_options":[{}],"root_block_device":[{"tags":{},"tags_all":{}}],"secondary_private_ips":[],"security_groups":[],"tags":{},"tags_all":{},"vpc_security_group_ids":[false]}}},{"address":"aws_key_pair.mykeypair","mode":"managed","type":"aws_key_pair","name":"mykeypair","provider_name":"registry.terraform.io/hashicorp/aws","change":{"actions":["update"],"before":{"arn":"arn:aws:ec2:us-west-1:851725537031:key-pair/mykeypair","fingerprint":"3wSHWwAqRapoPIe/T5oS5mWaRaHjVEZSLj+lcoDXk1s=","id":"mykeypair","key_name":"mykeypair","key_name_prefix":"","key_pair_id":"key-0411576cc4f686dd0","key_type":"ed25519","public_key":"ssh-ed25519 AAAAC3NzaC1lZDI1NTE5AAAAIMyVBj9H2GDA1903h9ch/U+61XBeL6VNCNpq3sq8OtbA USER@DESKTOP-78RT4IB","tags":null,"tags_all":{}},"after":{"arn":"arn:aws:ec2:us-west-1:851725537031:key-pair/mykeypair","fingerprint":"3wSHWwAqRapoPIe/T5oS5mWaRaHjVEZSLj+lcoDXk1s=","id":"mykeypair","key_name":"mykeypair","key_name_prefix":"","key_pair_id":"key-0411576cc4f686dd0","key_type":"ed25519","public_key":"ssh-ed25519 AAAAC3NzaC1lZDI1NTE5AAAAIMyVBj9H2GDA1903h9ch/U+61XBeL6VNCNpq3sq8OtbA USER@DESKTOP-78RT4IB","tags":{},"tags_all":{}},"after_unknown":{},"before_sensitive":{"tags_all":{}},"after_sensitive":{"tags":{},"tags_all":{}}}},{"address":"aws_lb_target_group.myalb_target_group","mode":"managed","type":"aws_lb_target_group","name":"myalb_target_group","provider_name":"registry.terraform.io/hashicorp/aws","change":{"actions":["update"],"before":{"arn":"arn:aws:elasticloadbalancing:us-west-1:851725537031:targetgroup/tf-example-lb-tg/b1b214358d4dd3d1","arn_suffix":"targetgroup/tf-example-lb-tg/b1b214358d4dd3d1","connection_termination":null,"deregistration_delay":"300","health_check":[{"enabled":true,"healthy_threshold":5,"interval":30,"matcher":"200","path":"/","port":"traffic-port","protocol":"HTTP","timeout":5,"unhealthy_threshold":2}],"id":"arn:aws:elasticloadbalancing:us-west-1:851725537031:targetgroup/tf-example-lb-tg/b1b214358d4dd3d1","ip_address_type":"ipv4","lambda_multi_value_headers_enabled":false,"load_balancer_arns":[],"load_balancing_algorithm_type":"round_robin","load_balancing_anomaly_mitigation":"off","load_balancing_cross_zone_enabled":"use_load_balancer_configuration","name":"tf-example-lb-tg","name_prefix":"","port":80,"preserve_client_ip":null,"protocol":"HTTP","protocol_version":"HTTP1","proxy_protocol_v2":false,"slow_start":0,"stickiness":[{"cookie_duration":86400,"cookie_name":"","enabled":false,"type":"lb_cookie"}],"tags":null,"tags_all":{},"target_failover":[{"on_deregistration":null,"on_unhealthy":null}],"target_health_state":[{"enable_unhealthy_connection_termination":null}],"target_type":"instance","vpc_id":"vpc-07505f4f1bbfe54e2"},"after":{"arn":"arn:aws:elasticloadbalancing:us-west-1:851725537031:targetgroup/tf-example-lb-tg/b1b214358d4dd3d1","arn_suffix":"targetgroup/tf-example-lb-tg/b1b214358d4dd3d1","connection_termination":null,"deregistration_delay":"300","health_check":[{"enabled":true,"healthy_threshold":5,"interval":30,"matcher":"200","path":"/","port":"traffic-port","protocol":"HTTP","timeout":5,"unhealthy_threshold":2}],"id":"arn:aws:elasticloadbalancing:us-west-1:851725537031:targetgroup/tf-example-lb-tg/b1b214358d4dd3d1","ip_address_type":"ipv4","lambda_multi_value_headers_enabled":false,"load_balancer_arns":[],"load_balancing_algorithm_type":"round_robin","load_balancing_anomaly_mitigation":"off","load_balancing_cross_zone_enabled":"use_load_balancer_configuration","name":"tf-example-lb-tg","name_prefix":"","port":80,"preserve_client_ip":null,"protocol":"HTTP","protocol_version":"HTTP1","proxy_protocol_v2":false,"slow_start":0,"stickiness":[{"cookie_duration":86400,"cookie_name":"","enabled":false,"type":"lb_cookie"}],"tags":{},"tags_all":{},"target_failover":[{"on_deregistration":null,"on_unhealthy":null}],"target_health_state":[{"enable_unhealthy_connection_termination":null}],"target_type":"instance","vpc_id":"vpc-07505f4f1bbfe54e2"},"after_unknown":{},"before_sensitive":{"health_check":[{}],"load_balancer_arns":[],"stickiness":[{}],"tags_all":{},"target_failover":[{}],"target_health_state":[{}]},"after_sensitive":{"health_check":[{}],"load_balancer_arns":[],"stickiness":[{}],"tags":{},"tags_all":{},"target_failover":[{}],"target_health_state":[{}]}}},{"address":"aws_nat_gateway.mynatgateway","mode":"managed","type":"aws_nat_gateway","name":"mynatgateway","provider_name":"registry.terraform.io/hashicorp/aws","change":{"actions":["update"],"before":{"allocation_id":"eipalloc-0074c5070839b5470","association_id":"eipassoc-0e63cf73b723e400b","connectivity_type":"public","id":"nat-09cdf73fa22ce324c","network_interface_id":"eni-0751eaf9f92d8e0a2","private_ip":"10.0.0.96","public_ip":"52.53.51.38","secondary_allocation_ids":null,"secondary_private_ip_address_count":0,"secondary_private_ip_addresses":[],"subnet_id":"subnet-0840fdd49089e7704","tags":null,"tags_all":{},"timeouts":null},"after":{"allocation_id":"eipalloc-0074c5070839b5470","association_id":"eipassoc-0e63cf73b723e400b","connectivity_type":"public","id":"nat-09cdf73fa22ce324c","network_interface_id":"eni-0751eaf9f92d8e0a2","private_ip":"10.0.0.96","public_ip":"52.53.51.38","secondary_allocation_ids":[],"secondary_private_ip_address_count":0,"secondary_private_ip_addresses":[],"subnet_id":"subnet-0840fdd49089e7704","tags":{},"tags_all":{},"timeouts":null},"after_unknown":{},"before_sensitive":{"secondary_private_ip_addresses":[],"tags_all":{}},"after_sensitive":{"secondary_allocation_ids":[],"secondary_private_ip_addresses":[],"tags":{},"tags_all":{}}}},{"address":"aws_route_table.publicRoteTable","mode":"managed","type":"aws_route_table","name":"publicRoteTable","provider_name":"registry.terraform.io/hashicorp/aws","change":{"actions":["update"],"before":{"arn":"arn:aws:ec2:us-west-1:851725537031:route-table/rtb-0786f546f20694e10","id":"rtb-0786f546f20694e10","owner_id":"851725537031","propagating_vgws":[],"route":[],"tags":null,"tags_all":{},"timeouts":null,"vpc_id":"vpc-07505f4f1bbfe54e2"},"after":{"arn":"arn:aws:ec2:us-west-1:851725537031:route-table/rtb-0786f546f20694e10","id":"rtb-0786f546f20694e10","owner_id":"851725537031","propagating_vgws":[],"route":[{"carrier_gateway_id":"","cidr_block":"0.0.0.0/0","core_network_arn":"","destination_prefix_list_id":"","egress_only_gateway_id":"","gateway_id":"igw-05e9b3c0dd90d6c08","ipv6_cidr_block":"","local_gateway_id":"","nat_gateway_id":"","network_interface_id":"","transit_gateway_id":"","vpc_endpoint_id":"","vpc_peering_connection_id":""}],"tags":{},"tags_all":{},"timeouts":null,"vpc_id":"vpc-07505f4f1bbfe54e2"},"after_unknown":{},"before_sensitive":{"propagating_vgws":[],"route":[],"tags_all":{}},"after_sensitive":{"propagating_vgws":[],"route":[{}],"tags":{},"tags_all":{}}}},{"address":"aws_route_table.pvtRt","mode":"managed","type":"aws_route_table","name":"pvtRt","provider_name":"registry.terraform.io/hashicorp/aws","change":{"actions":["update"],"before":{"arn":"arn:aws:ec2:us-west-1:851725537031:route-table/rtb-0ad7dc4a45c2569fa","id":"rtb-0ad7dc4a45c2569fa","owner_id":"851725537031","propagating_vgws":[],"route":[{"carrier_gateway_id":"","cidr_block":"0.0.0.0/0","core_network_arn":"","destination_prefix_list_id":"","egress_only_gateway_id":"","gateway_id":"","ipv6_cidr_block":"","local_gateway_id":"","nat_gateway_id":"nat-09cdf73fa22ce324c","network_interface_id":"","transit_gateway_id":"","vpc_endpoint_id":"","vpc_peering_connection_id":""}],"tags":null,"tags_all":{},"timeouts":null,"vpc_id":"vpc-07505f4f1bbfe54e2"},"after":{"arn":"arn:aws:ec2:us-west-1:851725537031:route-table/rtb-0ad7dc4a45c2569fa","id":"rtb-0ad7dc4a45c2569fa","owner_id":"851725537031","propagating_vgws":[],"route":[{"carrier_gateway_id":"","cidr_block":"0.0.0.0/0","core_network_arn":"","destination_prefix_list_id":"","egress_only_gateway_id":"","gateway_id":"","ipv6_cidr_block":"","local_gateway_id":"","nat_gateway_id":"nat-09cdf73fa22ce324c","network_interface_id":"","transit_gateway_id":"","vpc_endpoint_id":"","vpc_peering_connection_id":""}],"tags":{},"tags_all":{},"timeouts":null,"vpc_id":"vpc-07505f4f1bbfe54e2"},"after_unknown":{},"before_sensitive":{"propagating_vgws":[],"route":[{}],"tags_all":{}},"after_sensitive":{"propagating_vgws":[],"route":[{}],"tags":{},"tags_all":{}}}},{"address":"aws_vpc.trailvpc","mode":"managed","type":"aws_vpc","name":"trailvpc","provider_name":"registry.terraform.io/hashicorp/aws","change":{"actions":["update"],"before":{"arn":"arn:aws:ec2:us-west-1:851725537031:vpc/vpc-07505f4f1bbfe54e2","assign_generated_ipv6_cidr_block":false,"cidr_block":"10.0.0.0/16","default_network_acl_id":"acl-02c68866dc7e1a744","default_route_table_id":"rtb-0cd1affc9f8070fb8","default_security_group_id":"sg-001cef8094bd594b0","dhcp_options_id":"dopt-01d1484bc4e99aa18","enable_dns_hostnames":false,"enable_dns_support":true,"enable_network_address_usage_metrics":false,"id":"vpc-07505f4f1bbfe54e2","instance_tenancy":"default","ipv4_ipam_pool_id":null,"ipv4_netmask_length":null,"ipv6_association_id":"","ipv6_cidr_block":"","ipv6_cidr_block_network_border_group":"","ipv6_ipam_pool_id":"","ipv6_netmask_length":0,"main_route_table_id":"rtb-0cd1affc9f8070fb8","owner_id":"851725537031","tags":null,"tags_all":{}},"after":{"arn":"arn:aws:ec2:us-west-1:851725537031:vpc/vpc-07505f4f1bbfe54e2","assign_generated_ipv6_cidr_block":false,"cidr_block":"10.0.0.0/16","default_network_acl_id":"acl-02c68866dc7e1a744","default_route_table_id":"rtb-0cd1affc9f8070fb8","default_security_group_id":"sg-001cef8094bd594b0","dhcp_options_id":"dopt-01d1484bc4e99aa18","enable_dns_hostnames":false,"enable_dns_support":true,"enable_network_address_usage_metrics":false,"id":"vpc-07505f4f1bbfe54e2","instance_tenancy":"default","ipv4_ipam_pool_id":null,"ipv4_netmask_length":null,"ipv6_association_id":"","ipv6_cidr_block":"","ipv6_cidr_block_network_border_group":"","ipv6_ipam_pool_id":"","ipv6_netmask_length":0,"main_route_table_id":"rtb-0cd1affc9f8070fb8","owner_id":"851725537031","tags":{},"tags_all":{}},"after_unknown":{},"before_sensitive":{"tags_all":{}},"after_sensitive":{"tags":{},"tags_all":{}}}}],"resource_changes":[{"address":"aws_eip.myeip","mode":"managed","type":"aws_eip","name":"myeip","provider_name":"registry.terraform.io/hashicorp/aws","change":{"actions":["no-op"],"before":{"address":null,"allocation_id":"eipalloc-0074c5070839b5470","arn":"arn:aws:ec2:us-west-1:851725537031:elastic-ip/eipalloc-0074c5070839b5470","associate_with_private_ip":null,"association_id":"eipassoc-0e63cf73b723e400b","carrier_ip":"","customer_owned_ip":"","customer_owned_ipv4_pool":"","domain":"vpc","id":"eipalloc-0074c5070839b5470","instance":"","network_border_group":"us-west-1","network_interface":"eni-0751eaf9f92d8e0a2","private_dns":"ip-10-0-0-96.us-west-1.compute.internal","private_ip":"10.0.0.96","ptr_record":"","public_dns":"ec2-52-53-51-38.us-west-1.compute.amazonaws.com","public_ip":"52.53.51.38","public_ipv4_pool":"amazon","tags":{},"tags_all":{},"timeouts":null,"vpc":true},"after":{"address":null,"allocation_id":"eipalloc-0074c5070839b5470","arn":"arn:aws:ec2:us-west-1:851725537031:elastic-ip/eipalloc-0074c5070839b5470","associate_with_private_ip":null,"association_id":"eipassoc-0e63cf73b723e400b","carrier_ip":"","customer_owned_ip":"","customer_owned_ipv4_pool":"","domain":"vpc","id":"eipalloc-0074c5070839b5470","instance":"","network_border_group":"us-west-1","network_interface":"eni-0751eaf9f92d8e0a2","private_dns":"ip-10-0-0-96.us-west-1.compute.internal","private_ip":"10.0.0.96","ptr_record":"","public_dns":"ec2-52-53-51-38.us-west-1.compute.amazonaws.com","public_ip":"52.53.51.38","public_ipv4_pool":"amazon","tags":{},"tags_all":{},"timeouts":null,"vpc":true},"after_unknown":{},"before_sensitive":{"tags":{},"tags_all":{}},"after_sensitive":{"tags":{},"tags_all":{}}}},{"address":"aws_instance.myec2","mode":"managed","type":"aws_instance","name":"myec2","provider_name":"registry.terraform.io/hashicorp/aws","change":{"actions":["no-op"],"before":{"ami":"ami-00b83635663b87a05","arn":"arn:aws:ec2:us-west-1:851725537031:instance/i-04336839f735f7ba2","associate_public_ip_address":true,"availability_zone":"us-west-1c","capacity_reservation_specification":[{"capacity_reservation_preference":"open","capacity_reservation_target":[]}],"cpu_core_count":1,"cpu_options":[{"amd_sev_snp":"","core_count":1,"threads_per_core":1}],"cpu_threads_per_core":1,"credit_specification":[{"cpu_credits":"standard"}],"disable_api_stop":false,"disable_api_termination":false,"ebs_block_device":[],"ebs_optimized":false,"enclave_options":[{"enabled":false}],"ephemeral_block_device":[],"get_password_data":false,"hibernation":false,"host_id":"","host_resource_group_arn":null,"iam_instance_profile":"","id":"i-04336839f735f7ba2","instance_initiated_shutdown_behavior":"stop","instance_lifecycle":"","instance_market_options":[],"instance_state":"running","instance_type":"t2.micro","ipv6_address_count":0,"ipv6_addresses":[],"key_name":"mykeypair","launch_template":[],"maintenance_options":[{"auto_recovery":"default"}],"metadata_options":[{"http_endpoint":"enabled","http_protocol_ipv6":"disabled","http_put_response_hop_limit":1,"http_tokens":"optional","instance_metadata_tags":"disabled"}],"monitoring":false,"network_interface":[],"outpost_arn":"","password_data":"","placement_group":"","placement_partition_number":0,"primary_network_interface_id":"eni-0df19759f0c725268","private_dns":"ip-10-0-0-119.us-west-1.compute.internal","private_dns_name_options":[{"enable_resource_name_dns_a_record":false,"enable_resource_name_dns_aaaa_record":false,"hostname_type":"ip-name"}],"private_ip":"10.0.0.119","public_dns":"","public_ip":"54.153.48.240","root_block_device":[{"delete_on_termination":true,"device_name":"/dev/sda1","encrypted":false,"iops":100,"kms_key_id":"","tags":{},"tags_all":{},"throughput":0,"volume_id":"vol-0c91a13b497e3b8de","volume_size":8,"volume_type":"gp2"}],"secondary_private_ips":[],"security_groups":[],"source_dest_check":true,"spot_instance_request_id":"","subnet_id":"subnet-0840fdd49089e7704","tags":{},"tags_all":{},"tenancy":"default","timeouts":null,"user_data":null,"user_data_base64":null,"user_data_replace_on_change":false,"volume_tags":null,"vpc_security_group_ids":["sg-012211a0d351f8cc8"]},"after":{"ami":"ami-00b83635663b87a05","arn":"arn:aws:ec2:us-west-1:851725537031:instance/i-04336839f735f7ba2","associate_public_ip_address":true,"availability_zone":"us-west-1c","capacity_reservation_specification":[{"capacity_reservation_preference":"open","capacity_reservation_target":[]}],"cpu_core_count":1,"cpu_options":[{"amd_sev_snp":"","core_count":1,"threads_per_core":1}],"cpu_threads_per_core":1,"credit_specification":[{"cpu_credits":"standard"}],"disable_api_stop":false,"disable_api_termination":false,"ebs_block_device":[],"ebs_optimized":false,"enclave_options":[{"enabled":false}],"ephemeral_block_device":[],"get_password_data":false,"hibernation":false,"host_id":"","host_resource_group_arn":null,"iam_instance_profile":"","id":"i-04336839f735f7ba2","instance_initiated_shutdown_behavior":"stop","instance_lifecycle":"","instance_market_options":[],"instance_state":"running","instance_type":"t2.micro","ipv6_address_count":0,"ipv6_addresses":[],"key_name":"mykeypair","launch_template":[],"maintenance_options":[{"auto_recovery":"default"}],"metadata_options":[{"http_endpoint":"enabled","http_protocol_ipv6":"disabled","http_put_response_hop_limit":1,"http_tokens":"optional","instance_metadata_tags":"disabled"}],"monitoring":false,"network_interface":[],"outpost_arn":"","password_data":"","placement_group":"","placement_partition_number":0,"primary_network_interface_id":"eni-0df19759f0c725268","private_dns":"ip-10-0-0-119.us-west-1.compute.internal","private_dns_name_options":[{"enable_resource_name_dns_a_record":false,"enable_resource_name_dns_aaaa_record":false,"hostname_type":"ip-name"}],"private_ip":"10.0.0.119","public_dns":"","public_ip":"54.153.48.240","root_block_device":[{"delete_on_termination":true,"device_name":"/dev/sda1","encrypted":false,"iops":100,"kms_key_id":"","tags":{},"tags_all":{},"throughput":0,"volume_id":"vol-0c91a13b497e3b8de","volume_size":8,"volume_type":"gp2"}],"secondary_private_ips":[],"security_groups":[],"source_dest_check":true,"spot_instance_request_id":"","subnet_id":"subnet-0840fdd49089e7704","tags":{},"tags_all":{},"tenancy":"default","timeouts":null,"user_data":null,"user_data_base64":null,"user_data_replace_on_change":false,"volume_tags":null,"vpc_security_group_ids":["sg-012211a0d351f8cc8"]},"after_unknown":{},"before_sensitive":{"capacity_reservation_specification":[{"capacity_reservation_target":[]}],"cpu_options":[{}],"credit_specification":[{}],"ebs_block_device":[],"enclave_options":[{}],"ephemeral_block_device":[],"instance_market_options":[],"ipv6_addresses":[],"launch_template":[],"maintenance_options":[{}],"metadata_options":[{}],"network_interface":[],"private_dns_name_options":[{}],"root_block_device":[{"tags":{},"tags_all":{}}],"secondary_private_ips":[],"security_groups":[],"tags":{},"tags_all":{},"vpc_security_group_ids":[false]},"after_sensitive":{"capacity_reservation_specification":[{"capacity_reservation_target":[]}],"cpu_options":[{}],"credit_specification":[{}],"ebs_block_device":[],"enclave_options":[{}],"ephemeral_block_device":[],"instance_market_options":[],"ipv6_addresses":[],"launch_template":[],"maintenance_options":[{}],"metadata_options":[{}],"network_interface":[],"private_dns_name_options":[{}],"root_block_device":[{"tags":{},"tags_all":{}}],"secondary_private_ips":[],"security_groups":[],"tags":{},"tags_all":{},"vpc_security_group_ids":[false]}}},{"address":"aws_internet_gateway.mygateway","mode":"managed","type":"aws_internet_gateway","name":"mygateway","provider_name":"registry.terraform.io/hashicorp/aws","change":{"actions":["no-op"],"before":{"arn":"arn:aws:ec2:us-west-1:851725537031:internet-gateway/igw-05e9b3c0dd90d6c08","id":"igw-05e9b3c0dd90d6c08","owner_id":"851725537031","tags":{"Name":"myGw"},"tags_all":{"Name":"myGw"},"timeouts":null,"vpc_id":"vpc-07505f4f1bbfe54e2"},"after":{"arn":"arn:aws:ec2:us-west-1:851725537031:internet-gateway/igw-05e9b3c0dd90d6c08","id":"igw-05e9b3c0dd90d6c08","owner_id":"851725537031","tags":{"Name":"myGw"},"tags_all":{"Name":"myGw"},"timeouts":null,"vpc_id":"vpc-07505f4f1bbfe54e2"},"after_unknown":{},"before_sensitive":{"tags":{},"tags_all":{}},"after_sensitive":{"tags":{},"tags_all":{}}}},{"address":"aws_key_pair.mykeypair","mode":"managed","type":"aws_key_pair","name":"mykeypair","provider_name":"registry.terraform.io/hashicorp/aws","change":{"actions":["no-op"],"before":{"arn":"arn:aws:ec2:us-west-1:851725537031:key-pair/mykeypair","fingerprint":"3wSHWwAqRapoPIe/T5oS5mWaRaHjVEZSLj+lcoDXk1s=","id":"mykeypair","key_name":"mykeypair","key_name_prefix":"","key_pair_id":"key-0411576cc4f686dd0","key_type":"ed25519","public_key":"ssh-ed25519 AAAAC3NzaC1lZDI1NTE5AAAAIMyVBj9H2GDA1903h9ch/U+61XBeL6VNCNpq3sq8OtbA USER@DESKTOP-78RT4IB","tags":{},"tags_all":{}},"after":{"arn":"arn:aws:ec2:us-west-1:851725537031:key-pair/mykeypair","fingerprint":"3wSHWwAqRapoPIe/T5oS5mWaRaHjVEZSLj+lcoDXk1s=","id":"mykeypair","key_name":"mykeypair","key_name_prefix":"","key_pair_id":"key-0411576cc4f686dd0","key_type":"ed25519","public_key":"ssh-ed25519 AAAAC3NzaC1lZDI1NTE5AAAAIMyVBj9H2GDA1903h9ch/U+61XBeL6VNCNpq3sq8OtbA USER@DESKTOP-78RT4IB","tags":{},"tags_all":{}},"after_unknown":{},"before_sensitive":{"tags":{},"tags_all":{}},"after_sensitive":{"tags":{},"tags_all":{}}}},{"address":"aws_lb.myLoadBalncer","mode":"managed","type":"aws_lb","name":"myLoadBalncer","provider_name":"registry.terraform.io/hashicorp/aws","change":{"actions":["create"],"before":null,"after":{"access_logs":[],"client_keep_alive":3600,"connection_logs":[],"customer_owned_ipv4_pool":null,"desync_mitigation_mode":"defensive","dns_record_client_routing_policy":null,"drop_invalid_header_fields":false,"enable_cross_zone_load_balancing":null,"enable_deletion_protection":false,"enable_http2":true,"enable_tls_version_and_cipher_suite_headers":false,"enable_waf_fail_open":false,"enable_xff_client_port":false,"idle_timeout":60,"internal":false,"load_balancer_type":"application","name":"ApplicationLoadBalancer","preserve_host_header":false,"security_groups":["sg-012211a0d351f8cc8"],"subnet_mapping":[{"allocation_id":"","ipv6_address":"","private_ipv4_address":"","subnet_id":"subnet-0840fdd49089e7704"},{"allocation_id":"","ipv6_address":"","private_ipv4_address":"","subnet_id":"subnet-0a879088831017b2b"}],"tags":null,"timeouts":null,"xff_header_processing_mode":"append"},"after_unknown":{"access_logs":[],"arn":true,"arn_suffix":true,"connection_logs":[],"dns_name":true,"enforce_security_group_inbound_rules_on_private_link_traffic":true,"id":true,"ip_address_type":true,"name_prefix":true,"security_groups":[false],"subnet_mapping":[{"outpost_id":true},{"outpost_id":true}],"subnets":true,"tags_all":true,"vpc_id":true,"zone_id":true},"before_sensitive":false,"after_sensitive":{"access_logs":[],"connection_logs":[],"security_groups":[false],"subnet_mapping":[{},{}],"subnets":[],"tags_all":{}}}},{"address":"aws_lb_target_group.myalb_target_group","mode":"managed","type":"aws_lb_target_group","name":"myalb_target_group","provider_name":"registry.terraform.io/hashicorp/aws","change":{"actions":["no-op"],"before":{"arn":"arn:aws:elasticloadbalancing:us-west-1:851725537031:targetgroup/tf-example-lb-tg/b1b214358d4dd3d1","arn_suffix":"targetgroup/tf-example-lb-tg/b1b214358d4dd3d1","connection_termination":null,"deregistration_delay":"300","health_check":[{"enabled":true,"healthy_threshold":5,"interval":30,"matcher":"200","path":"/","port":"traffic-port","protocol":"HTTP","timeout":5,"unhealthy_threshold":2}],"id":"arn:aws:elasticloadbalancing:us-west-1:851725537031:targetgroup/tf-example-lb-tg/b1b214358d4dd3d1","ip_address_type":"ipv4","lambda_multi_value_headers_enabled":false,"load_balancer_arns":[],"load_balancing_algorithm_type":"round_robin","load_balancing_anomaly_mitigation":"off","load_balancing_cross_zone_enabled":"use_load_balancer_configuration","name":"tf-example-lb-tg","name_prefix":"","port":80,"preserve_client_ip":null,"protocol":"HTTP","protocol_version":"HTTP1","proxy_protocol_v2":false,"slow_start":0,"stickiness":[{"cookie_duration":86400,"cookie_name":"","enabled":false,"type":"lb_cookie"}],"tags":{},"tags_all":{},"target_failover":[{"on_deregistration":null,"on_unhealthy":null}],"target_health_state":[{"enable_unhealthy_connection_termination":null}],"target_type":"instance","vpc_id":"vpc-07505f4f1bbfe54e2"},"after":{"arn":"arn:aws:elasticloadbalancing:us-west-1:851725537031:targetgroup/tf-example-lb-tg/b1b214358d4dd3d1","arn_suffix":"targetgroup/tf-example-lb-tg/b1b214358d4dd3d1","connection_termination":null,"deregistration_delay":"300","health_check":[{"enabled":true,"healthy_threshold":5,"interval":30,"matcher":"200","path":"/","port":"traffic-port","protocol":"HTTP","timeout":5,"unhealthy_threshold":2}],"id":"arn:aws:elasticloadbalancing:us-west-1:851725537031:targetgroup/tf-example-lb-tg/b1b214358d4dd3d1","ip_address_type":"ipv4","lambda_multi_value_headers_enabled":false,"load_balancer_arns":[],"load_balancing_algorithm_type":"round_robin","load_balancing_anomaly_mitigation":"off","load_balancing_cross_zone_enabled":"use_load_balancer_configuration","name":"tf-example-lb-tg","name_prefix":"","port":80,"preserve_client_ip":null,"protocol":"HTTP","protocol_version":"HTTP1","proxy_protocol_v2":false,"slow_start":0,"stickiness":[{"cookie_duration":86400,"cookie_name":"","enabled":false,"type":"lb_cookie"}],"tags":{},"tags_all":{},"target_failover":[{"on_deregistration":null,"on_unhealthy":null}],"target_health_state":[{"enable_unhealthy_connection_termination":null}],"target_type":"instance","vpc_id":"vpc-07505f4f1bbfe54e2"},"after_unknown":{},"before_sensitive":{"health_check":[{}],"load_balancer_arns":[],"stickiness":[{}],"tags":{},"tags_all":{},"target_failover":[{}],"target_health_state":[{}]},"after_sensitive":{"health_check":[{}],"load_balancer_arns":[],"stickiness":[{}],"tags":{},"tags_all":{},"target_failover":[{}],"target_health_state":[{}]}}},{"address":"aws_lb_target_group_attachment.MytargetGroupAttachment","mode":"managed","type":"aws_lb_target_group_attachment","name":"MytargetGroupAttachment","provider_name":"registry.terraform.io/hashicorp/aws","change":{"actions":["no-op"],"before":{"availability_zone":null,"id":"arn:aws:elasticloadbalancing:us-west-1:851725537031:targetgroup/tf-example-lb-tg/b1b214358d4dd3d1-20240627044843746100000004","port":80,"target_group_arn":"arn:aws:elasticloadbalancing:us-west-1:851725537031:targetgroup/tf-example-lb-tg/b1b214358d4dd3d1","target_id":"i-04336839f735f7ba2"},"after":{"availability_zone":null,"id":"arn:aws:elasticloadbalancing:us-west-1:851725537031:targetgroup/tf-example-lb-tg/b1b214358d4dd3d1-20240627044843746100000004","port":80,"target_group_arn":"arn:aws:elasticloadbalancing:us-west-1:851725537031:targetgroup/tf-example-lb-tg/b1b214358d4dd3d1","target_id":"i-04336839f735f7ba2"},"after_unknown":{},"before_sensitive":{},"after_sensitive":{}}},{"address":"aws_nat_gateway.mynatgateway","mode":"managed","type":"aws_nat_gateway","name":"mynatgateway","provider_name":"registry.terraform.io/hashicorp/aws","change":{"actions":["no-op"],"before":{"allocation_id":"eipalloc-0074c5070839b5470","association_id":"eipassoc-0e63cf73b723e400b","connectivity_type":"public","id":"nat-09cdf73fa22ce324c","network_interface_id":"eni-0751eaf9f92d8e0a2","private_ip":"10.0.0.96","public_ip":"52.53.51.38","secondary_allocation_ids":[],"secondary_private_ip_address_count":0,"secondary_private_ip_addresses":[],"subnet_id":"subnet-0840fdd49089e7704","tags":{},"tags_all":{},"timeouts":null},"after":{"allocation_id":"eipalloc-0074c5070839b5470","association_id":"eipassoc-0e63cf73b723e400b","connectivity_type":"public","id":"nat-09cdf73fa22ce324c","network_interface_id":"eni-0751eaf9f92d8e0a2","private_ip":"10.0.0.96","public_ip":"52.53.51.38","secondary_allocation_ids":[],"secondary_private_ip_address_count":0,"secondary_private_ip_addresses":[],"subnet_id":"subnet-0840fdd49089e7704","tags":{},"tags_all":{},"timeouts":null},"after_unknown":{},"before_sensitive":{"secondary_allocation_ids":[],"secondary_private_ip_addresses":[],"tags":{},"tags_all":{}},"after_sensitive":{"secondary_allocation_ids":[],"secondary_private_ip_addresses":[],"tags":{},"tags_all":{}}}},{"address":"aws_route.publicRoute","mode":"managed","type":"aws_route","name":"publicRoute","provider_name":"registry.terraform.io/hashicorp/aws","change":{"actions":["no-op"],"before":{"carrier_gateway_id":"","core_network_arn":"","destination_cidr_block":"0.0.0.0/0","destination_ipv6_cidr_block":"","destination_prefix_list_id":"","egress_only_gateway_id":"","gateway_id":"igw-05e9b3c0dd90d6c08","id":"r-rtb-0786f546f20694e101080289494","instance_id":"","instance_owner_id":"","local_gateway_id":"","nat_gateway_id":"","network_interface_id":"","origin":"CreateRoute","route_table_id":"rtb-0786f546f20694e10","state":"active","timeouts":null,"transit_gateway_id":"","vpc_endpoint_id":"","vpc_peering_connection_id":""},"after":{"carrier_gateway_id":"","core_network_arn":"","destination_cidr_block":"0.0.0.0/0","destination_ipv6_cidr_block":"","destination_prefix_list_id":"","egress_only_gateway_id":"","gateway_id":"igw-05e9b3c0dd90d6c08","id":"r-rtb-0786f546f20694e101080289494","instance_id":"","instance_owner_id":"","local_gateway_id":"","nat_gateway_id":"","network_interface_id":"","origin":"CreateRoute","route_table_id":"rtb-0786f546f20694e10","state":"active","timeouts":null,"transit_gateway_id":"","vpc_endpoint_id":"","vpc_peering_connection_id":""},"after_unknown":{},"before_sensitive":{},"after_sensitive":{}}},{"address":"aws_route_table.publicRoteTable","mode":"managed","type":"aws_route_table","name":"publicRoteTable","provider_name":"registry.terraform.io/hashicorp/aws","change":{"actions":["no-op"],"before":{"arn":"arn:aws:ec2:us-west-1:851725537031:route-table/rtb-0786f546f20694e10","id":"rtb-0786f546f20694e10","owner_id":"851725537031","propagating_vgws":[],"route":[{"carrier_gateway_id":"","cidr_block":"0.0.0.0/0","core_network_arn":"","destination_prefix_list_id":"","egress_only_gateway_id":"","gateway_id":"igw-05e9b3c0dd90d6c08","ipv6_cidr_block":"","local_gateway_id":"","nat_gateway_id":"","network_interface_id":"","transit_gateway_id":"","vpc_endpoint_id":"","vpc_peering_connection_id":""}],"tags":{},"tags_all":{},"timeouts":null,"vpc_id":"vpc-07505f4f1bbfe54e2"},"after":{"arn":"arn:aws:ec2:us-west-1:851725537031:route-table/rtb-0786f546f20694e10","id":"rtb-0786f546f20694e10","owner_id":"851725537031","propagating_vgws":[],"route":[{"carrier_gateway_id":"","cidr_block":"0.0.0.0/0","core_network_arn":"","destination_prefix_list_id":"","egress_only_gateway_id":"","gateway_id":"igw-05e9b3c0dd90d6c08","ipv6_cidr_block":"","local_gateway_id":"","nat_gateway_id":"","network_interface_id":"","transit_gateway_id":"","vpc_endpoint_id":"","vpc_peering_connection_id":""}],"tags":{},"tags_all":{},"timeouts":null,"vpc_id":"vpc-07505f4f1bbfe54e2"},"after_unknown":{},"before_sensitive":{"propagating_vgws":[],"route":[{}],"tags":{},"tags_all":{}},"after_sensitive":{"propagating_vgws":[],"route":[{}],"tags":{},"tags_all":{}}}},{"address":"aws_route_table.pvtRt","mode":"managed","type":"aws_route_table","name":"pvtRt","provider_name":"registry.terraform.io/hashicorp/aws","change":{"actions":["no-op"],"before":{"arn":"arn:aws:ec2:us-west-1:851725537031:route-table/rtb-0ad7dc4a45c2569fa","id":"rtb-0ad7dc4a45c2569fa","owner_id":"851725537031","propagating_vgws":[],"route":[{"carrier_gateway_id":"","cidr_block":"0.0.0.0/0","core_network_arn":"","destination_prefix_list_id":"","egress_only_gateway_id":"","gateway_id":"","ipv6_cidr_block":"","local_gateway_id":"","nat_gateway_id":"nat-09cdf73fa22ce324c","network_interface_id":"","transit_gateway_id":"","vpc_endpoint_id":"","vpc_peering_connection_id":""}],"tags":{},"tags_all":{},"timeouts":null,"vpc_id":"vpc-07505f4f1bbfe54e2"},"after":{"arn":"arn:aws:ec2:us-west-1:851725537031:route-table/rtb-0ad7dc4a45c2569fa","id":"rtb-0ad7dc4a45c2569fa","owner_id":"851725537031","propagating_vgws":[],"route":[{"carrier_gateway_id":"","cidr_block":"0.0.0.0/0","core_network_arn":"","destination_prefix_list_id":"","egress_only_gateway_id":"","gateway_id":"","ipv6_cidr_block":"","local_gateway_id":"","nat_gateway_id":"nat-09cdf73fa22ce324c","network_interface_id":"","transit_gateway_id":"","vpc_endpoint_id":"","vpc_peering_connection_id":""}],"tags":{},"tags_all":{},"timeouts":null,"vpc_id":"vpc-07505f4f1bbfe54e2"},"after_unknown":{},"before_sensitive":{"propagating_vgws":[],"route":[{}],"tags":{},"tags_all":{}},"after_sensitive":{"propagating_vgws":[],"route":[{}],"tags":{},"tags_all":{}}}},{"address":"aws_route_table_association.PubSubAssociation[0]","mode":"managed","type":"aws_route_table_association","name":"PubSubAssociation","index":0,"provider_name":"registry.terraform.io/hashicorp/aws","change":{"actions":["no-op"],"before":{"gateway_id":"","id":"rtbassoc-03502c29aa4ee30c7","route_table_id":"rtb-0786f546f20694e10","subnet_id":"subnet-0840fdd49089e7704","timeouts":null},"after":{"gateway_id":"","id":"rtbassoc-03502c29aa4ee30c7","route_table_id":"rtb-0786f546f20694e10","subnet_id":"subnet-0840fdd49089e7704","timeouts":null},"after_unknown":{},"before_sensitive":{},"after_sensitive":{}}},{"address":"aws_route_table_association.PubSubAssociation[1]","mode":"managed","type":"aws_route_table_association","name":"PubSubAssociation","index":1,"provider_name":"registry.terraform.io/hashicorp/aws","change":{"actions":["no-op"],"before":{"gateway_id":"","id":"rtbassoc-07f1132b80dae5b81","route_table_id":"rtb-0786f546f20694e10","subnet_id":"subnet-0cc7a86207882b318","timeouts":null},"after":{"gateway_id":"","id":"rtbassoc-07f1132b80dae5b81","route_table_id":"rtb-0786f546f20694e10","subnet_id":"subnet-0cc7a86207882b318","timeouts":null},"after_unknown":{},"before_sensitive":{},"after_sensitive":{}}},{"address":"aws_route_table_association.pvtSubnetAssociation[0]","mode":"managed","type":"aws_route_table_association","name":"pvtSubnetAssociation","index":0,"provider_name":"registry.terraform.io/hashicorp/aws","change":{"actions":["no-op"],"before":{"gateway_id":"","id":"rtbassoc-0592e45e47ad35a6f","route_table_id":"rtb-0ad7dc4a45c2569fa","subnet_id":"subnet-0a879088831017b2b","timeouts":null},"after":{"gateway_id":"","id":"rtbassoc-0592e45e47ad35a6f","route_table_id":"rtb-0ad7dc4a45c2569fa","subnet_id":"subnet-0a879088831017b2b","timeouts":null},"after_unknown":{},"before_sensitive":{},"after_sensitive":{}}},{"address":"aws_route_table_association.pvtSubnetAssociation[1]","mode":"managed","type":"aws_route_table_association","name":"pvtSubnetAssociation","index":1,"provider_name":"registry.terraform.io/hashicorp/aws","change":{"actions":["no-op"],"before":{"gateway_id":"","id":"rtbassoc-0bc61a7c2b9d6fcac","route_table_id":"rtb-0ad7dc4a45c2569fa","subnet_id":"subnet-0503de417e752c022","timeouts":null},"after":{"gateway_id":"","id":"rtbassoc-0bc61a7c2b9d6fcac","route_table_id":"rtb-0ad7dc4a45c2569fa","subnet_id":"subnet-0503de417e752c022","timeouts":null},"after_unknown":{},"before_sensitive":{},"after_sensitive":{}}},{"address":"aws_security_group.my_lb__ec2_sg","mode":"managed","type":"aws_security_group","name":"my_lb__ec2_sg","provider_name":"registry.terraform.io/hashicorp/aws","change":{"actions":["no-op"],"before":{"arn":"arn:aws:ec2:us-west-1:851725537031:security-group/sg-012211a0d351f8cc8","description":"open the port 22 and 80","egress":[{"cidr_blocks":["0.0.0.0/0"],"description":"","from_port":0,"ipv6_cidr_blocks":[],"prefix_list_ids":[],"protocol":"-1","security_groups":[],"self":false,"to_port":0}],"id":"sg-012211a0d351f8cc8","ingress":[{"cidr_blocks":["0.0.0.0/0"],"description":"","from_port":22,"ipv6_cidr_blocks":[],"prefix_list_ids":[],"protocol":"tcp","security_groups":[],"self":false,"to_port":22},{"cidr_blocks":["0.0.0.0/0"],"description":"","from_port":80,"ipv6_cidr_blocks":[],"prefix_list_ids":[],"protocol":"tcp","security_groups":[],"self":false,"to_port":80}],"name":"mysecuritygroup","name_prefix":"","owner_id":"851725537031","revoke_rules_on_delete":false,"tags":{"Name":"allow_all"},"tags_all":{"Name":"allow_all"},"timeouts":null,"vpc_id":"vpc-07505f4f1bbfe54e2"},"after":{"arn":"arn:aws:ec2:us-west-1:851725537031:security-group/sg-012211a0d351f8cc8","description":"open the port 22 and 80","egress":[{"cidr_blocks":["0.0.0.0/0"],"description":"","from_port":0,"ipv6_cidr_blocks":[],"prefix_list_ids":[],"protocol":"-1","security_groups":[],"self":false,"to_port":0}],"id":"sg-012211a0d351f8cc8","ingress":[{"cidr_blocks":["0.0.0.0/0"],"description":"","from_port":22,"ipv6_cidr_blocks":[],"prefix_list_ids":[],"protocol":"tcp","security_groups":[],"self":false,"to_port":22},{"cidr_blocks":["0.0.0.0/0"],"description":"","from_port":80,"ipv6_cidr_blocks":[],"prefix_list_ids":[],"protocol":"tcp","security_groups":[],"self":false,"to_port":80}],"name":"mysecuritygroup","name_prefix":"","owner_id":"851725537031","revoke_rules_on_delete":false,"tags":{"Name":"allow_all"},"tags_all":{"Name":"allow_all"},"timeouts":null,"vpc_id":"vpc-07505f4f1bbfe54e2"},"after_unknown":{},"before_sensitive":{"egress":[{"cidr_blocks":[false],"ipv6_cidr_blocks":[],"prefix_list_ids":[],"security_groups":[]}],"ingress":[{"cidr_blocks":[false],"ipv6_cidr_blocks":[],"prefix_list_ids":[],"security_groups":[]},{"cidr_blocks":[false],"ipv6_cidr_blocks":[],"prefix_list_ids":[],"security_groups":[]}],"tags":{},"tags_all":{}},"after_sensitive":{"egress":[{"cidr_blocks":[false],"ipv6_cidr_blocks":[],"prefix_list_ids":[],"security_groups":[]}],"ingress":[{"cidr_blocks":[false],"ipv6_cidr_blocks":[],"prefix_list_ids":[],"security_groups":[]},{"cidr_blocks":[false],"ipv6_cidr_blocks":[],"prefix_list_ids":[],"security_groups":[]}],"tags":{},"tags_all":{}}}},{"address":"aws_subnet.subnets[0]","mode":"managed","type":"aws_subnet","name":"subnets","index":0,"provider_name":"registry.terraform.io/hashicorp/aws","change":{"actions":["no-op"],"before":{"arn":"arn:aws:ec2:us-west-1:851725537031:subnet/subnet-0840fdd49089e7704","assign_ipv6_address_on_creation":false,"availability_zone":"us-west-1c","availability_zone_id":"usw1-az1","cidr_block":"10.0.0.0/24","customer_owned_ipv4_pool":"","enable_dns64":false,"enable_lni_at_device_index":0,"enable_resource_name_dns_a_record_on_launch":false,"enable_resource_name_dns_aaaa_record_on_launch":false,"id":"subnet-0840fdd49089e7704","ipv6_cidr_block":"","ipv6_cidr_block_association_id":"","ipv6_native":false,"map_customer_owned_ip_on_launch":false,"map_public_ip_on_launch":false,"outpost_arn":"","owner_id":"851725537031","private_dns_hostname_type_on_launch":"ip-name","tags":{"Name":"pub1"},"tags_all":{"Name":"pub1"},"timeouts":null,"vpc_id":"vpc-07505f4f1bbfe54e2"},"after":{"arn":"arn:aws:ec2:us-west-1:851725537031:subnet/subnet-0840fdd49089e7704","assign_ipv6_address_on_creation":false,"availability_zone":"us-west-1c","availability_zone_id":"usw1-az1","cidr_block":"10.0.0.0/24","customer_owned_ipv4_pool":"","enable_dns64":false,"enable_lni_at_device_index":0,"enable_resource_name_dns_a_record_on_launch":false,"enable_resource_name_dns_aaaa_record_on_launch":false,"id":"subnet-0840fdd49089e7704","ipv6_cidr_block":"","ipv6_cidr_block_association_id":"","ipv6_native":false,"map_customer_owned_ip_on_launch":false,"map_public_ip_on_launch":false,"outpost_arn":"","owner_id":"851725537031","private_dns_hostname_type_on_launch":"ip-name","tags":{"Name":"pub1"},"tags_all":{"Name":"pub1"},"timeouts":null,"vpc_id":"vpc-07505f4f1bbfe54e2"},"after_unknown":{},"before_sensitive":{"tags":{},"tags_all":{}},"after_sensitive":{"tags":{},"tags_all":{}}}},{"address":"aws_subnet.subnets[1]","mode":"managed","type":"aws_subnet","name":"subnets","index":1,"provider_name":"registry.terraform.io/hashicorp/aws","change":{"actions":["no-op"],"before":{"arn":"arn:aws:ec2:us-west-1:851725537031:subnet/subnet-0cc7a86207882b318","assign_ipv6_address_on_creation":false,"availability_zone":"us-west-1b","availability_zone_id":"usw1-az3","cidr_block":"10.0.1.0/24","customer_owned_ipv4_pool":"","enable_dns64":false,"enable_lni_at_device_index":0,"enable_resource_name_dns_a_record_on_launch":false,"enable_resource_name_dns_aaaa_record_on_launch":false,"id":"subnet-0cc7a86207882b318","ipv6_cidr_block":"","ipv6_cidr_block_association_id":"","ipv6_native":false,"map_customer_owned_ip_on_launch":false,"map_public_ip_on_launch":false,"outpost_arn":"","owner_id":"851725537031","private_dns_hostname_type_on_launch":"ip-name","tags":{"Name":"pub2"},"tags_all":{"Name":"pub2"},"timeouts":null,"vpc_id":"vpc-07505f4f1bbfe54e2"},"after":{"arn":"arn:aws:ec2:us-west-1:851725537031:subnet/subnet-0cc7a86207882b318","assign_ipv6_address_on_creation":false,"availability_zone":"us-west-1b","availability_zone_id":"usw1-az3","cidr_block":"10.0.1.0/24","customer_owned_ipv4_pool":"","enable_dns64":false,"enable_lni_at_device_index":0,"enable_resource_name_dns_a_record_on_launch":false,"enable_resource_name_dns_aaaa_record_on_launch":false,"id":"subnet-0cc7a86207882b318","ipv6_cidr_block":"","ipv6_cidr_block_association_id":"","ipv6_native":false,"map_customer_owned_ip_on_launch":false,"map_public_ip_on_launch":false,"outpost_arn":"","owner_id":"851725537031","private_dns_hostname_type_on_launch":"ip-name","tags":{"Name":"pub2"},"tags_all":{"Name":"pub2"},"timeouts":null,"vpc_id":"vpc-07505f4f1bbfe54e2"},"after_unknown":{},"before_sensitive":{"tags":{},"tags_all":{}},"after_sensitive":{"tags":{},"tags_all":{}}}},{"address":"aws_subnet.subnets[2]","mode":"managed","type":"aws_subnet","name":"subnets","index":2,"provider_name":"registry.terraform.io/hashicorp/aws","change":{"actions":["no-op"],"before":{"arn":"arn:aws:ec2:us-west-1:851725537031:subnet/subnet-0503de417e752c022","assign_ipv6_address_on_creation":false,"availability_zone":"us-west-1c","availability_zone_id":"usw1-az1","cidr_block":"10.0.2.0/24","customer_owned_ipv4_pool":"","enable_dns64":false,"enable_lni_at_device_index":0,"enable_resource_name_dns_a_record_on_launch":false,"enable_resource_name_dns_aaaa_record_on_launch":false,"id":"subnet-0503de417e752c022","ipv6_cidr_block":"","ipv6_cidr_block_association_id":"","ipv6_native":false,"map_customer_owned_ip_on_launch":false,"map_public_ip_on_launch":false,"outpost_arn":"","owner_id":"851725537031","private_dns_hostname_type_on_launch":"ip-name","tags":{"Name":"pvt1"},"tags_all":{"Name":"pvt1"},"timeouts":null,"vpc_id":"vpc-07505f4f1bbfe54e2"},"after":{"arn":"arn:aws:ec2:us-west-1:851725537031:subnet/subnet-0503de417e752c022","assign_ipv6_address_on_creation":false,"availability_zone":"us-west-1c","availability_zone_id":"usw1-az1","cidr_block":"10.0.2.0/24","customer_owned_ipv4_pool":"","enable_dns64":false,"enable_lni_at_device_index":0,"enable_resource_name_dns_a_record_on_launch":false,"enable_resource_name_dns_aaaa_record_on_launch":false,"id":"subnet-0503de417e752c022","ipv6_cidr_block":"","ipv6_cidr_block_association_id":"","ipv6_native":false,"map_customer_owned_ip_on_launch":false,"map_public_ip_on_launch":false,"outpost_arn":"","owner_id":"851725537031","private_dns_hostname_type_on_launch":"ip-name","tags":{"Name":"pvt1"},"tags_all":{"Name":"pvt1"},"timeouts":null,"vpc_id":"vpc-07505f4f1bbfe54e2"},"after_unknown":{},"before_sensitive":{"tags":{},"tags_all":{}},"after_sensitive":{"tags":{},"tags_all":{}}}},{"address":"aws_subnet.subnets[3]","mode":"managed","type":"aws_subnet","name":"subnets","index":3,"provider_name":"registry.terraform.io/hashicorp/aws","change":{"actions":["no-op"],"before":{"arn":"arn:aws:ec2:us-west-1:851725537031:subnet/subnet-0a879088831017b2b","assign_ipv6_address_on_creation":false,"availability_zone":"us-west-1c","availability_zone_id":"usw1-az1","cidr_block":"10.0.3.0/24","customer_owned_ipv4_pool":"","enable_dns64":false,"enable_lni_at_device_index":0,"enable_resource_name_dns_a_record_on_launch":false,"enable_resource_name_dns_aaaa_record_on_launch":false,"id":"subnet-0a879088831017b2b","ipv6_cidr_block":"","ipv6_cidr_block_association_id":"","ipv6_native":false,"map_customer_owned_ip_on_launch":false,"map_public_ip_on_launch":false,"outpost_arn":"","owner_id":"851725537031","private_dns_hostname_type_on_launch":"ip-name","tags":{"Name":"pvt2"},"tags_all":{"Name":"pvt2"},"timeouts":null,"vpc_id":"vpc-07505f4f1bbfe54e2"},"after":{"arn":"arn:aws:ec2:us-west-1:851725537031:subnet/subnet-0a879088831017b2b","assign_ipv6_address_on_creation":false,"availability_zone":"us-west-1c","availability_zone_id":"usw1-az1","cidr_block":"10.0.3.0/24","customer_owned_ipv4_pool":"","enable_dns64":false,"enable_lni_at_device_index":0,"enable_resource_name_dns_a_record_on_launch":false,"enable_resource_name_dns_aaaa_record_on_launch":false,"id":"subnet-0a879088831017b2b","ipv6_cidr_block":"","ipv6_cidr_block_association_id":"","ipv6_native":false,"map_customer_owned_ip_on_launch":false,"map_public_ip_on_launch":false,"outpost_arn":"","owner_id":"851725537031","private_dns_hostname_type_on_launch":"ip-name","tags":{"Name":"pvt2"},"tags_all":{"Name":"pvt2"},"timeouts":null,"vpc_id":"vpc-07505f4f1bbfe54e2"},"after_unknown":{},"before_sensitive":{"tags":{},"tags_all":{}},"after_sensitive":{"tags":{},"tags_all":{}}}},{"address":"aws_vpc.trailvpc","mode":"managed","type":"aws_vpc","name":"trailvpc","provider_name":"registry.terraform.io/hashicorp/aws","change":{"actions":["no-op"],"before":{"arn":"arn:aws:ec2:us-west-1:851725537031:vpc/vpc-07505f4f1bbfe54e2","assign_generated_ipv6_cidr_block":false,"cidr_block":"10.0.0.0/16","default_network_acl_id":"acl-02c68866dc7e1a744","default_route_table_id":"rtb-0cd1affc9f8070fb8","default_security_group_id":"sg-001cef8094bd594b0","dhcp_options_id":"dopt-01d1484bc4e99aa18","enable_dns_hostnames":false,"enable_dns_support":true,"enable_network_address_usage_metrics":false,"id":"vpc-07505f4f1bbfe54e2","instance_tenancy":"default","ipv4_ipam_pool_id":null,"ipv4_netmask_length":null,"ipv6_association_id":"","ipv6_cidr_block":"","ipv6_cidr_block_network_border_group":"","ipv6_ipam_pool_id":"","ipv6_netmask_length":0,"main_route_table_id":"rtb-0cd1affc9f8070fb8","owner_id":"851725537031","tags":{},"tags_all":{}},"after":{"arn":"arn:aws:ec2:us-west-1:851725537031:vpc/vpc-07505f4f1bbfe54e2","assign_generated_ipv6_cidr_block":false,"cidr_block":"10.0.0.0/16","default_network_acl_id":"acl-02c68866dc7e1a744","default_route_table_id":"rtb-0cd1affc9f8070fb8","default_security_group_id":"sg-001cef8094bd594b0","dhcp_options_id":"dopt-01d1484bc4e99aa18","enable_dns_hostnames":false,"enable_dns_support":true,"enable_network_address_usage_metrics":false,"id":"vpc-07505f4f1bbfe54e2","instance_tenancy":"default","ipv4_ipam_pool_id":null,"ipv4_netmask_length":null,"ipv6_association_id":"","ipv6_cidr_block":"","ipv6_cidr_block_network_border_group":"","ipv6_ipam_pool_id":"","ipv6_netmask_length":0,"main_route_table_id":"rtb-0cd1affc9f8070fb8","owner_id":"851725537031","tags":{},"tags_all":{}},"after_unknown":{},"before_sensitive":{"tags":{},"tags_all":{}},"after_sensitive":{"tags":{},"tags_all":{}}}}],"output_changes":{"publicIp":{"actions":["no-op"],"before":"54.153.48.240","after":"54.153.48.240","after_unknown":false,"before_sensitive":false,"after_sensitive":false}},"prior_state":{"format_version":"1.0","terraform_version":"1.7.3","values":{"outputs":{"publicIp":{"sensitive":false,"value":"54.153.48.240","type":"string"}},"root_module":{"resources":[{"address":"data.aws_ami.ubuntu","mode":"data","type":"aws_ami","name":"ubuntu","provider_name":"registry.terraform.io/hashicorp/aws","schema_version":0,"values":{"architecture":"x86_64","arn":"arn:aws:ec2:us-west-1::image/ami-00b83635663b87a05","block_device_mappings":[{"device_name":"/dev/sda1","ebs":{"delete_on_termination":"true","encrypted":"false","iops":"0","snapshot_id":"snap-0471f9df4f27a52b9","throughput":"0","volume_size":"8","volume_type":"gp2"},"no_device":"","virtual_name":""},{"device_name":"/dev/sdb","ebs":{},"no_device":"","virtual_name":"ephemeral0"},{"device_name":"/dev/sdc","ebs":{},"no_device":"","virtual_name":"ephemeral1"}],"boot_mode":"uefi-preferred","creation_date":"2024-06-14T04:33:14.000Z","deprecation_time":"2026-06-14T04:33:14.000Z","description":"Canonical, Ubuntu, 22.04 LTS, amd64 jammy image build on 2024-06-14","ena_support":true,"executable_users":null,"filter":[{"name":"name","values":["ubuntu/images/hvm-ssd/ubuntu-jammy-22.04-amd64-server-*"]},{"name":"virtualization-type","values":["hvm"]}],"hypervisor":"xen","id":"ami-00b83635663b87a05","image_id":"ami-00b83635663b87a05","image_location":"amazon/ubuntu/images/hvm-ssd/ubuntu-jammy-22.04-amd64-server-20240614","image_owner_alias":"amazon","image_type":"machine","imds_support":"","include_deprecated":false,"kernel_id":"","most_recent":true,"name":"ubuntu/images/hvm-ssd/ubuntu-jammy-22.04-amd64-server-20240614","name_regex":null,"owner_id":"099720109477","owners":["099720109477"],"platform":"","platform_details":"Linux/UNIX","product_codes":[],"public":true,"ramdisk_id":"","root_device_name":"/dev/sda1","root_device_type":"ebs","root_snapshot_id":"snap-0471f9df4f27a52b9","sriov_net_support":"simple","state":"available","state_reason":{"code":"UNSET","message":"UNSET"},"tags":{},"timeouts":null,"tpm_support":"","usage_operation":"RunInstances","virtualization_type":"hvm"},"sensitive_values":{"block_device_mappings":[{"ebs":{}},{"ebs":{}},{"ebs":{}}],"filter":[{"values":[false]},{"values":[false]}],"owners":[false],"product_codes":[],"state_reason":{},"tags":{}}},{"address":"data.aws_subnets.publicSubnets","mode":"data","type":"aws_subnets","name":"publicSubnets","provider_name":"registry.terraform.io/hashicorp/aws","schema_version":0,"values":{"filter":[{"name":"tag:Name","values":["pub1","pub2"]},{"name":"vpc-id","values":["vpc-07505f4f1bbfe54e2"]}],"id":"us-west-1","ids":["subnet-0840fdd49089e7704","subnet-0cc7a86207882b318"],"tags":null,"timeouts":null},"sensitive_values":{"filter":[{"values":[false,false]},{"values":[false]}],"ids":[false,false]}},{"address":"data.aws_subnets.pvtSubnets","mode":"data","type":"aws_subnets","name":"pvtSubnets","provider_name":"registry.terraform.io/hashicorp/aws","schema_version":0,"values":{"filter":[{"name":"tag:Name","values":["pvt1","pvt2"]},{"name":"vpc-id","values":["vpc-07505f4f1bbfe54e2"]}],"id":"us-west-1","ids":["subnet-0a879088831017b2b","subnet-0503de417e752c022"],"tags":null,"timeouts":null},"sensitive_values":{"filter":[{"values":[false,false]},{"values":[false]}],"ids":[false,false]}},{"address":"aws_eip.myeip","mode":"managed","type":"aws_eip","name":"myeip","provider_name":"registry.terraform.io/hashicorp/aws","schema_version":0,"values":{"address":null,"allocation_id":"eipalloc-0074c5070839b5470","arn":"arn:aws:ec2:us-west-1:851725537031:elastic-ip/eipalloc-0074c5070839b5470","associate_with_private_ip":null,"association_id":"eipassoc-0e63cf73b723e400b","carrier_ip":"","customer_owned_ip":"","customer_owned_ipv4_pool":"","domain":"vpc","id":"eipalloc-0074c5070839b5470","instance":"","network_border_group":"us-west-1","network_interface":"eni-0751eaf9f92d8e0a2","private_dns":"ip-10-0-0-96.us-west-1.compute.internal","private_ip":"10.0.0.96","ptr_record":"","public_dns":"ec2-52-53-51-38.us-west-1.compute.amazonaws.com","public_ip":"52.53.51.38","public_ipv4_pool":"amazon","tags":{},"tags_all":{},"timeouts":null,"vpc":true},"sensitive_values":{"tags":{},"tags_all":{}}},{"address":"aws_instance.myec2","mode":"managed","type":"aws_instance","name":"myec2","provider_name":"registry.terraform.io/hashicorp/aws","schema_version":1,"values":{"ami":"ami-00b83635663b87a05","arn":"arn:aws:ec2:us-west-1:851725537031:instance/i-04336839f735f7ba2","associate_public_ip_address":true,"availability_zone":"us-west-1c","capacity_reservation_specification":[{"capacity_reservation_preference":"open","capacity_reservation_target":[]}],"cpu_core_count":1,"cpu_options":[{"amd_sev_snp":"","core_count":1,"threads_per_core":1}],"cpu_threads_per_core":1,"credit_specification":[{"cpu_credits":"standard"}],"disable_api_stop":false,"disable_api_termination":false,"ebs_block_device":[],"ebs_optimized":false,"enclave_options":[{"enabled":false}],"ephemeral_block_device":[],"get_password_data":false,"hibernation":false,"host_id":"","host_resource_group_arn":null,"iam_instance_profile":"","id":"i-04336839f735f7ba2","instance_initiated_shutdown_behavior":"stop","instance_lifecycle":"","instance_market_options":[],"instance_state":"running","instance_type":"t2.micro","ipv6_address_count":0,"ipv6_addresses":[],"key_name":"mykeypair","launch_template":[],"maintenance_options":[{"auto_recovery":"default"}],"metadata_options":[{"http_endpoint":"enabled","http_protocol_ipv6":"disabled","http_put_response_hop_limit":1,"http_tokens":"optional","instance_metadata_tags":"disabled"}],"monitoring":false,"network_interface":[],"outpost_arn":"","password_data":"","placement_group":"","placement_partition_number":0,"primary_network_interface_id":"eni-0df19759f0c725268","private_dns":"ip-10-0-0-119.us-west-1.compute.internal","private_dns_name_options":[{"enable_resource_name_dns_a_record":false,"enable_resource_name_dns_aaaa_record":false,"hostname_type":"ip-name"}],"private_ip":"10.0.0.119","public_dns":"","public_ip":"54.153.48.240","root_block_device":[{"delete_on_termination":true,"device_name":"/dev/sda1","encrypted":false,"iops":100,"kms_key_id":"","tags":{},"tags_all":{},"throughput":0,"volume_id":"vol-0c91a13b497e3b8de","volume_size":8,"volume_type":"gp2"}],"secondary_private_ips":[],"security_groups":[],"source_dest_check":true,"spot_instance_request_id":"","subnet_id":"subnet-0840fdd49089e7704","tags":{},"tags_all":{},"tenancy":"default","timeouts":null,"user_data":null,"user_data_base64":null,"user_data_replace_on_change":false,"volume_tags":null,"vpc_security_group_ids":["sg-012211a0d351f8cc8"]},"sensitive_values":{"capacity_reservation_specification":[{"capacity_reservation_target":[]}],"cpu_options":[{}],"credit_specification":[{}],"ebs_block_device":[],"enclave_options":[{}],"ephemeral_block_device":[],"instance_market_options":[],"ipv6_addresses":[],"launch_template":[],"maintenance_options":[{}],"metadata_options":[{}],"network_interface":[],"private_dns_name_options":[{}],"root_block_device":[{"tags":{},"tags_all":{}}],"secondary_private_ips":[],"security_groups":[],"tags":{},"tags_all":{},"vpc_security_group_ids":[false]},"depends_on":["aws_key_pair.mykeypair","aws_security_group.my_lb__ec2_sg","aws_subnet.subnets","aws_vpc.trailvpc","data.aws_ami.ubuntu"]},{"address":"aws_internet_gateway.mygateway","mode":"managed","type":"aws_internet_gateway","name":"mygateway","provider_name":"registry.terraform.io/hashicorp/aws","schema_version":0,"values":{"arn":"arn:aws:ec2:us-west-1:851725537031:internet-gateway/igw-05e9b3c0dd90d6c08","id":"igw-05e9b3c0dd90d6c08","owner_id":"851725537031","tags":{"Name":"myGw"},"tags_all":{"Name":"myGw"},"timeouts":null,"vpc_id":"vpc-07505f4f1bbfe54e2"},"sensitive_values":{"tags":{},"tags_all":{}},"depends_on":["aws_vpc.trailvpc"]},{"address":"aws_key_pair.mykeypair","mode":"managed","type":"aws_key_pair","name":"mykeypair","provider_name":"registry.terraform.io/hashicorp/aws","schema_version":1,"values":{"arn":"arn:aws:ec2:us-west-1:851725537031:key-pair/mykeypair","fingerprint":"3wSHWwAqRapoPIe/T5oS5mWaRaHjVEZSLj+lcoDXk1s=","id":"mykeypair","key_name":"mykeypair","key_name_prefix":"","key_pair_id":"key-0411576cc4f686dd0","key_type":"ed25519","public_key":"ssh-ed25519 AAAAC3NzaC1lZDI1NTE5AAAAIMyVBj9H2GDA1903h9ch/U+61XBeL6VNCNpq3sq8OtbA USER@DESKTOP-78RT4IB","tags":{},"tags_all":{}},"sensitive_values":{"tags":{},"tags_all":{}}},{"address":"aws_lb_target_group.myalb_target_group","mode":"managed","type":"aws_lb_target_group","name":"myalb_target_group","provider_name":"registry.terraform.io/hashicorp/aws","schema_version":0,"values":{"arn":"arn:aws:elasticloadbalancing:us-west-1:851725537031:targetgroup/tf-example-lb-tg/b1b214358d4dd3d1","arn_suffix":"targetgroup/tf-example-lb-tg/b1b214358d4dd3d1","connection_termination":null,"deregistration_delay":"300","health_check":[{"enabled":true,"healthy_threshold":5,"interval":30,"matcher":"200","path":"/","port":"traffic-port","protocol":"HTTP","timeout":5,"unhealthy_threshold":2}],"id":"arn:aws:elasticloadbalancing:us-west-1:851725537031:targetgroup/tf-example-lb-tg/b1b214358d4dd3d1","ip_address_type":"ipv4","lambda_multi_value_headers_enabled":false,"load_balancer_arns":[],"load_balancing_algorithm_type":"round_robin","load_balancing_anomaly_mitigation":"off","load_balancing_cross_zone_enabled":"use_load_balancer_configuration","name":"tf-example-lb-tg","name_prefix":"","port":80,"preserve_client_ip":null,"protocol":"HTTP","protocol_version":"HTTP1","proxy_protocol_v2":false,"slow_start":0,"stickiness":[{"cookie_duration":86400,"cookie_name":"","enabled":false,"type":"lb_cookie"}],"tags":{},"tags_all":{},"target_failover":[{"on_deregistration":null,"on_unhealthy":null}],"target_health_state":[{"enable_unhealthy_connection_termination":null}],"target_type":"instance","vpc_id":"vpc-07505f4f1bbfe54e2"},"sensitive_values":{"health_check":[{}],"load_balancer_arns":[],"stickiness":[{}],"tags":{},"tags_all":{},"target_failover":[{}],"target_health_state":[{}]},"depends_on":["aws_vpc.trailvpc"]},{"address":"aws_lb_target_group_attachment.MytargetGroupAttachment","mode":"managed","type":"aws_lb_target_group_attachment","name":"MytargetGroupAttachment","provider_name":"registry.terraform.io/hashicorp/aws","schema_version":0,"values":{"availability_zone":null,"id":"arn:aws:elasticloadbalancing:us-west-1:851725537031:targetgroup/tf-example-lb-tg/b1b214358d4dd3d1-20240627044843746100000004","port":80,"target_group_arn":"arn:aws:elasticloadbalancing:us-west-1:851725537031:targetgroup/tf-example-lb-tg/b1b214358d4dd3d1","target_id":"i-04336839f735f7ba2"},"sensitive_values":{},"depends_on":["aws_instance.myec2","aws_key_pair.mykeypair","aws_lb_target_group.myalb_target_group","aws_security_group.my_lb__ec2_sg","aws_subnet.subnets","aws_vpc.trailvpc","data.aws_ami.ubuntu"]},{"address":"aws_nat_gateway.mynatgateway","mode":"managed","type":"aws_nat_gateway","name":"mynatgateway","provider_name":"registry.terraform.io/hashicorp/aws","schema_version":0,"values":{"allocation_id":"eipalloc-0074c5070839b5470","association_id":"eipassoc-0e63cf73b723e400b","connectivity_type":"public","id":"nat-09cdf73fa22ce324c","network_interface_id":"eni-0751eaf9f92d8e0a2","private_ip":"10.0.0.96","public_ip":"52.53.51.38","secondary_allocation_ids":[],"secondary_private_ip_address_count":0,"secondary_private_ip_addresses":[],"subnet_id":"subnet-0840fdd49089e7704","tags":{},"tags_all":{},"timeouts":null},"sensitive_values":{"secondary_allocation_ids":[],"secondary_private_ip_addresses":[],"tags":{},"tags_all":{}},"depends_on":["aws_eip.myeip","aws_subnet.subnets","aws_vpc.trailvpc"]},{"address":"aws_route.publicRoute","mode":"managed","type":"aws_route","name":"publicRoute","provider_name":"registry.terraform.io/hashicorp/aws","schema_version":0,"values":{"carrier_gateway_id":"","core_network_arn":"","destination_cidr_block":"0.0.0.0/0","destination_ipv6_cidr_block":"","destination_prefix_list_id":"","egress_only_gateway_id":"","gateway_id":"igw-05e9b3c0dd90d6c08","id":"r-rtb-0786f546f20694e101080289494","instance_id":"","instance_owner_id":"","local_gateway_id":"","nat_gateway_id":"","network_interface_id":"","origin":"CreateRoute","route_table_id":"rtb-0786f546f20694e10","state":"active","timeouts":null,"transit_gateway_id":"","vpc_endpoint_id":"","vpc_peering_connection_id":""},"sensitive_values":{},"depends_on":["aws_internet_gateway.mygateway","aws_route_table.publicRoteTable","aws_vpc.trailvpc"]},{"address":"aws_route_table.publicRoteTable","mode":"managed","type":"aws_route_table","name":"publicRoteTable","provider_name":"registry.terraform.io/hashicorp/aws","schema_version":0,"values":{"arn":"arn:aws:ec2:us-west-1:851725537031:route-table/rtb-0786f546f20694e10","id":"rtb-0786f546f20694e10","owner_id":"851725537031","propagating_vgws":[],"route":[{"carrier_gateway_id":"","cidr_block":"0.0.0.0/0","core_network_arn":"","destination_prefix_list_id":"","egress_only_gateway_id":"","gateway_id":"igw-05e9b3c0dd90d6c08","ipv6_cidr_block":"","local_gateway_id":"","nat_gateway_id":"","network_interface_id":"","transit_gateway_id":"","vpc_endpoint_id":"","vpc_peering_connection_id":""}],"tags":{},"tags_all":{},"timeouts":null,"vpc_id":"vpc-07505f4f1bbfe54e2"},"sensitive_values":{"propagating_vgws":[],"route":[{}],"tags":{},"tags_all":{}},"depends_on":["aws_vpc.trailvpc"]},{"address":"aws_route_table.pvtRt","mode":"managed","type":"aws_route_table","name":"pvtRt","provider_name":"registry.terraform.io/hashicorp/aws","schema_version":0,"values":{"arn":"arn:aws:ec2:us-west-1:851725537031:route-table/rtb-0ad7dc4a45c2569fa","id":"rtb-0ad7dc4a45c2569fa","owner_id":"851725537031","propagating_vgws":[],"route":[{"carrier_gateway_id":"","cidr_block":"0.0.0.0/0","core_network_arn":"","destination_prefix_list_id":"","egress_only_gateway_id":"","gateway_id":"","ipv6_cidr_block":"","local_gateway_id":"","nat_gateway_id":"nat-09cdf73fa22ce324c","network_interface_id":"","transit_gateway_id":"","vpc_endpoint_id":"","vpc_peering_connection_id":""}],"tags":{},"tags_all":{},"timeouts":null,"vpc_id":"vpc-07505f4f1bbfe54e2"},"sensitive_values":{"propagating_vgws":[],"route":[{}],"tags":{},"tags_all":{}},"depends_on":["aws_eip.myeip","aws_nat_gateway.mynatgateway","aws_subnet.subnets","aws_vpc.trailvpc"]},{"address":"aws_route_table_association.PubSubAssociation[0]","mode":"managed","type":"aws_route_table_association","name":"PubSubAssociation","index":0,"provider_name":"registry.terraform.io/hashicorp/aws","schema_version":0,"values":{"gateway_id":"","id":"rtbassoc-03502c29aa4ee30c7","route_table_id":"rtb-0786f546f20694e10","subnet_id":"subnet-0840fdd49089e7704","timeouts":null},"sensitive_values":{},"depends_on":["aws_route_table.publicRoteTable","aws_subnet.subnets","aws_vpc.trailvpc","data.aws_subnets.publicSubnets"]},{"address":"aws_route_table_association.PubSubAssociation[1]","mode":"managed","type":"aws_route_table_association","name":"PubSubAssociation","index":1,"provider_name":"registry.terraform.io/hashicorp/aws","schema_version":0,"values":{"gateway_id":"","id":"rtbassoc-07f1132b80dae5b81","route_table_id":"rtb-0786f546f20694e10","subnet_id":"subnet-0cc7a86207882b318","timeouts":null},"sensitive_values":{},"depends_on":["aws_route_table.publicRoteTable","aws_subnet.subnets","aws_vpc.trailvpc","data.aws_subnets.publicSubnets"]},{"address":"aws_route_table_association.pvtSubnetAssociation[0]","mode":"managed","type":"aws_route_table_association","name":"pvtSubnetAssociation","index":0,"provider_name":"registry.terraform.io/hashicorp/aws","schema_version":0,"values":{"gateway_id":"","id":"rtbassoc-0592e45e47ad35a6f","route_table_id":"rtb-0ad7dc4a45c2569fa","subnet_id":"subnet-0a879088831017b2b","timeouts":null},"sensitive_values":{},"depends_on":["aws_eip.myeip","aws_nat_gateway.mynatgateway","aws_route_table.pvtRt","aws_subnet.subnets","aws_vpc.trailvpc","data.aws_subnets.pvtSubnets"]},{"address":"aws_route_table_association.pvtSubnetAssociation[1]","mode":"managed","type":"aws_route_table_association","name":"pvtSubnetAssociation","index":1,"provider_name":"registry.terraform.io/hashicorp/aws","schema_version":0,"values":{"gateway_id":"","id":"rtbassoc-0bc61a7c2b9d6fcac","route_table_id":"rtb-0ad7dc4a45c2569fa","subnet_id":"subnet-0503de417e752c022","timeouts":null},"sensitive_values":{},"depends_on":["aws_eip.myeip","aws_nat_gateway.mynatgateway","aws_route_table.pvtRt","aws_subnet.subnets","aws_vpc.trailvpc","data.aws_subnets.pvtSubnets"]},{"address":"aws_security_group.my_lb__ec2_sg","mode":"managed","type":"aws_security_group","name":"my_lb__ec2_sg","provider_name":"registry.terraform.io/hashicorp/aws","schema_version":1,"values":{"arn":"arn:aws:ec2:us-west-1:851725537031:security-group/sg-012211a0d351f8cc8","description":"open the port 22 and 80","egress":[{"cidr_blocks":["0.0.0.0/0"],"description":"","from_port":0,"ipv6_cidr_blocks":[],"prefix_list_ids":[],"protocol":"-1","security_groups":[],"self":false,"to_port":0}],"id":"sg-012211a0d351f8cc8","ingress":[{"cidr_blocks":["0.0.0.0/0"],"description":"","from_port":22,"ipv6_cidr_blocks":[],"prefix_list_ids":[],"protocol":"tcp","security_groups":[],"self":false,"to_port":22},{"cidr_blocks":["0.0.0.0/0"],"description":"","from_port":80,"ipv6_cidr_blocks":[],"prefix_list_ids":[],"protocol":"tcp","security_groups":[],"self":false,"to_port":80}],"name":"mysecuritygroup","name_prefix":"","owner_id":"851725537031","revoke_rules_on_delete":false,"tags":{"Name":"allow_all"},"tags_all":{"Name":"allow_all"},"timeouts":null,"vpc_id":"vpc-07505f4f1bbfe54e2"},"sensitive_values":{"egress":[{"cidr_blocks":[false],"ipv6_cidr_blocks":[],"prefix_list_ids":[],"security_groups":[]}],"ingress":[{"cidr_blocks":[false],"ipv6_cidr_blocks":[],"prefix_list_ids":[],"security_groups":[]},{"cidr_blocks":[false],"ipv6_cidr_blocks":[],"prefix_list_ids":[],"security_groups":[]}],"tags":{},"tags_all":{}},"depends_on":["aws_vpc.trailvpc"]},{"address":"aws_subnet.subnets[0]","mode":"managed","type":"aws_subnet","name":"subnets","index":0,"provider_name":"registry.terraform.io/hashicorp/aws","schema_version":1,"values":{"arn":"arn:aws:ec2:us-west-1:851725537031:subnet/subnet-0840fdd49089e7704","assign_ipv6_address_on_creation":false,"availability_zone":"us-west-1c","availability_zone_id":"usw1-az1","cidr_block":"10.0.0.0/24","customer_owned_ipv4_pool":"","enable_dns64":false,"enable_lni_at_device_index":0,"enable_resource_name_dns_a_record_on_launch":false,"enable_resource_name_dns_aaaa_record_on_launch":false,"id":"subnet-0840fdd49089e7704","ipv6_cidr_block":"","ipv6_cidr_block_association_id":"","ipv6_native":false,"map_customer_owned_ip_on_launch":false,"map_public_ip_on_launch":false,"outpost_arn":"","owner_id":"851725537031","private_dns_hostname_type_on_launch":"ip-name","tags":{"Name":"pub1"},"tags_all":{"Name":"pub1"},"timeouts":null,"vpc_id":"vpc-07505f4f1bbfe54e2"},"sensitive_values":{"tags":{},"tags_all":{}},"depends_on":["aws_vpc.trailvpc"]},{"address":"aws_subnet.subnets[1]","mode":"managed","type":"aws_subnet","name":"subnets","index":1,"provider_name":"registry.terraform.io/hashicorp/aws","schema_version":1,"values":{"arn":"arn:aws:ec2:us-west-1:851725537031:subnet/subnet-0cc7a86207882b318","assign_ipv6_address_on_creation":false,"availability_zone":"us-west-1b","availability_zone_id":"usw1-az3","cidr_block":"10.0.1.0/24","customer_owned_ipv4_pool":"","enable_dns64":false,"enable_lni_at_device_index":0,"enable_resource_name_dns_a_record_on_launch":false,"enable_resource_name_dns_aaaa_record_on_launch":false,"id":"subnet-0cc7a86207882b318","ipv6_cidr_block":"","ipv6_cidr_block_association_id":"","ipv6_native":false,"map_customer_owned_ip_on_launch":false,"map_public_ip_on_launch":false,"outpost_arn":"","owner_id":"851725537031","private_dns_hostname_type_on_launch":"ip-name","tags":{"Name":"pub2"},"tags_all":{"Name":"pub2"},"timeouts":null,"vpc_id":"vpc-07505f4f1bbfe54e2"},"sensitive_values":{"tags":{},"tags_all":{}},"depends_on":["aws_vpc.trailvpc"]},{"address":"aws_subnet.subnets[2]","mode":"managed","type":"aws_subnet","name":"subnets","index":2,"provider_name":"registry.terraform.io/hashicorp/aws","schema_version":1,"values":{"arn":"arn:aws:ec2:us-west-1:851725537031:subnet/subnet-0503de417e752c022","assign_ipv6_address_on_creation":false,"availability_zone":"us-west-1c","availability_zone_id":"usw1-az1","cidr_block":"10.0.2.0/24","customer_owned_ipv4_pool":"","enable_dns64":false,"enable_lni_at_device_index":0,"enable_resource_name_dns_a_record_on_launch":false,"enable_resource_name_dns_aaaa_record_on_launch":false,"id":"subnet-0503de417e752c022","ipv6_cidr_block":"","ipv6_cidr_block_association_id":"","ipv6_native":false,"map_customer_owned_ip_on_launch":false,"map_public_ip_on_launch":false,"outpost_arn":"","owner_id":"851725537031","private_dns_hostname_type_on_launch":"ip-name","tags":{"Name":"pvt1"},"tags_all":{"Name":"pvt1"},"timeouts":null,"vpc_id":"vpc-07505f4f1bbfe54e2"},"sensitive_values":{"tags":{},"tags_all":{}},"depends_on":["aws_vpc.trailvpc"]},{"address":"aws_subnet.subnets[3]","mode":"managed","type":"aws_subnet","name":"subnets","index":3,"provider_name":"registry.terraform.io/hashicorp/aws","schema_version":1,"values":{"arn":"arn:aws:ec2:us-west-1:851725537031:subnet/subnet-0a879088831017b2b","assign_ipv6_address_on_creation":false,"availability_zone":"us-west-1c","availability_zone_id":"usw1-az1","cidr_block":"10.0.3.0/24","customer_owned_ipv4_pool":"","enable_dns64":false,"enable_lni_at_device_index":0,"enable_resource_name_dns_a_record_on_launch":false,"enable_resource_name_dns_aaaa_record_on_launch":false,"id":"subnet-0a879088831017b2b","ipv6_cidr_block":"","ipv6_cidr_block_association_id":"","ipv6_native":false,"map_customer_owned_ip_on_launch":false,"map_public_ip_on_launch":false,"outpost_arn":"","owner_id":"851725537031","private_dns_hostname_type_on_launch":"ip-name","tags":{"Name":"pvt2"},"tags_all":{"Name":"pvt2"},"timeouts":null,"vpc_id":"vpc-07505f4f1bbfe54e2"},"sensitive_values":{"tags":{},"tags_all":{}},"depends_on":["aws_vpc.trailvpc"]},{"address":"aws_vpc.trailvpc","mode":"managed","type":"aws_vpc","name":"trailvpc","provider_name":"registry.terraform.io/hashicorp/aws","schema_version":1,"values":{"arn":"arn:aws:ec2:us-west-1:851725537031:vpc/vpc-07505f4f1bbfe54e2","assign_generated_ipv6_cidr_block":false,"cidr_block":"10.0.0.0/16","default_network_acl_id":"acl-02c68866dc7e1a744","default_route_table_id":"rtb-0cd1affc9f8070fb8","default_security_group_id":"sg-001cef8094bd594b0","dhcp_options_id":"dopt-01d1484bc4e99aa18","enable_dns_hostnames":false,"enable_dns_support":true,"enable_network_address_usage_metrics":false,"id":"vpc-07505f4f1bbfe54e2","instance_tenancy":"default","ipv4_ipam_pool_id":null,"ipv4_netmask_length":null,"ipv6_association_id":"","ipv6_cidr_block":"","ipv6_cidr_block_network_border_group":"","ipv6_ipam_pool_id":"","ipv6_netmask_length":0,"main_route_table_id":"rtb-0cd1affc9f8070fb8","owner_id":"851725537031","tags":{},"tags_all":{}},"sensitive_values":{"tags":{},"tags_all":{}}}]}}},"configuration":{"provider_config":{"aws":{"name":"aws","full_name":"registry.terraform.io/hashicorp/aws","version_constraint":"~\u003e 5.0","expressions":{"region":{"references":["var.my_region"]}}}},"root_module":{"outputs":{"publicIp":{"expression":{"references":["aws_instance.myec2.public_ip","aws_instance.myec2"]}}},"resources":[{"address":"aws_eip.myeip","mode":"managed","type":"aws_eip","name":"myeip","provider_config_key":"aws","expressions":{"domain":{"constant_value":"vpc"}},"schema_version":0},{"address":"aws_instance.myec2","mode":"managed","type":"aws_instance","name":"myec2","provider_config_key":"aws","provisioners":[{"type":"remote-exec","expressions":{"inline":{"constant_value":["sudo apt update -y","sudo apt install nginx -y"]}}}],"expressions":{"ami":{"references":["data.aws_ami.ubuntu.id","data.aws_ami.ubuntu"]},"associate_public_ip_address":{"constant_value":true},"instance_type":{"constant_value":"t2.micro"},"key_name":{"references":["aws_key_pair.mykeypair.key_name","aws_key_pair.mykeypair"]},"subnet_id":{"references":["aws_subnet.subnets[0].id","aws_subnet.subnets[0]","aws_subnet.subnets"]},"vpc_security_group_ids":{"references":["aws_security_group.my_lb__ec2_sg.id","aws_security_group.my_lb__ec2_sg"]}},"schema_version":1,"depends_on":["aws_security_group.my_lb__ec2_sg"]},{"address":"aws_internet_gateway.mygateway","mode":"managed","type":"aws_internet_gateway","name":"mygateway","provider_config_key":"aws","expressions":{"tags":{"constant_value":{"Name":"myGw"}},"vpc_id":{"references":["local.myvpcid"]}},"schema_version":0,"depends_on":["aws_vpc.trailvpc"]},{"address":"aws_key_pair.mykeypair","mode":"managed","type":"aws_key_pair","name":"mykeypair","provider_config_key":"aws","expressions":{"key_name":{"constant_value":"mykeypair"},"public_key":{}},"schema_version":1},{"address":"aws_lb.myLoadBalncer","mode":"managed","type":"aws_lb","name":"myLoadBalncer","provider_config_key":"aws","expressions":{"internal":{"constant_value":false},"load_balancer_type":{"constant_value":"application"},"name":{"constant_value":"ApplicationLoadBalancer"},"security_groups":{"references":["aws_security_group.my_lb__ec2_sg.id","aws_security_group.my_lb__ec2_sg"]},"subnet_mapping":[{"subnet_id":{"references":["aws_subnet.subnets[0].id","aws_subnet.subnets[0]","aws_subnet.subnets"]}},{"subnet_id":{"references":["aws_subnet.subnets[3].id","aws_subnet.subnets[3]","aws_subnet.subnets"]}}]},"schema_version":0,"depends_on":["aws_security_group.my_lb__ec2_sg","aws_subnet.subnets"]},{"address":"aws_lb_target_group.myalb_target_group","mode":"managed","type":"aws_lb_target_group","name":"myalb_target_group","provider_config_key":"aws","expressions":{"name":{"constant_value":"tf-example-lb-tg"},"port":{"constant_value":80},"protocol":{"constant_value":"HTTP"},"vpc_id":{"references":["local.myvpcid"]}},"schema_version":0,"depends_on":["aws_vpc.trailvpc"]},{"address":"aws_lb_target_group_attachment.MytargetGroupAttachment","mode":"managed","type":"aws_lb_target_group_attachment","name":"MytargetGroupAttachment","provider_config_key":"aws","expressions":{"port":{"constant_value":"80"},"target_group_arn":{"references":["aws_lb_target_group.myalb_target_group.arn","aws_lb_target_group.myalb_target_group"]},"target_id":{"references":["aws_instance.myec2.id","aws_instance.myec2"]}},"schema_version":0,"depends_on":["aws_lb_target_group.myalb_target_group"]},{"address":"aws_nat_gateway.mynatgateway","mode":"managed","type":"aws_nat_gateway","name":"mynatgateway","provider_config_key":"aws","expressions":{"allocation_id":{"references":["aws_eip.myeip.allocation_id","aws_eip.myeip"]},"subnet_id":{"references":["aws_subnet.subnets[0].id","aws_subnet.subnets[0]","aws_subnet.subnets"]}},"schema_version":0,"depends_on":["aws_eip.myeip"]},{"address":"aws_route.publicRoute","mode":"managed","type":"aws_route","name":"publicRoute","provider_config_key":"aws","expressions":{"destination_cidr_block":{"constant_value":"0.0.0.0/0"},"gateway_id":{"references":["aws_internet_gateway.mygateway.id","aws_internet_gateway.mygateway"]},"route_table_id":{"references":["local.pubRTid"]}},"schema_version":0,"depends_on":["aws_route_table.publicRoteTable"]},{"address":"aws_route_table.publicRoteTable","mode":"managed","type":"aws_route_table","name":"publicRoteTable","provider_config_key":"aws","expressions":{"vpc_id":{"references":["local.myvpcid"]}},"schema_version":0},{"address":"aws_route_table.pvtRt","mode":"managed","type":"aws_route_table","name":"pvtRt","provider_config_key":"aws","expressions":{"route":{"references":["aws_nat_gateway.mynatgateway.id","aws_nat_gateway.mynatgateway"]},"vpc_id":{"references":["aws_vpc.trailvpc.id","aws_vpc.trailvpc"]}},"schema_version":0,"depends_on":["aws_nat_gateway.mynatgateway"]},{"address":"aws_route_table_association.PubSubAssociation","mode":"managed","type":"aws_route_table_association","name":"PubSubAssociation","provider_config_key":"aws","expressions":{"route_table_id":{"references":["aws_route_table.publicRoteTable.id","aws_route_table.publicRoteTable"]},"subnet_id":{"references":["data.aws_subnets.publicSubnets.ids","data.aws_subnets.publicSubnets","count.index"]}},"schema_version":0,"count_expression":{"references":["var.data_subnets"]},"depends_on":["aws_subnet.subnets","aws_vpc.trailvpc"]},{"address":"aws_route_table_association.pvtSubnetAssociation","mode":"managed","type":"aws_route_table_association","name":"pvtSubnetAssociation","provider_config_key":"aws","expressions":{"route_table_id":{"references":["aws_route_table.pvtRt.id","aws_route_table.pvtRt"]},"subnet_id":{"references":["data.aws_subnets.pvtSubnets.ids","data.aws_subnets.pvtSubnets","count.index"]}},"schema_version":0,"count_expression":{"references":["var.data_pvt_subnets"]}},{"address":"aws_security_group.my_lb__ec2_sg","mode":"managed","type":"aws_security_group","name":"my_lb__ec2_sg","provider_config_key":"aws","expressions":{"description":{"constant_value":"open the port 22 and 80"},"egress":{"constant_value":[{"cidr_blocks":["0.0.0.0/0"],"description":null,"from_port":0,"ipv6_cidr_blocks":null,"prefix_list_ids":null,"protocol":"-1","security_groups":null,"self":null,"to_port":0}]},"ingress":{"constant_value":[{"cidr_blocks":["0.0.0.0/0"],"description":null,"from_port":22,"ipv6_cidr_blocks":null,"prefix_list_ids":null,"protocol":"tcp","security_groups":null,"self":null,"to_port":22},{"cidr_blocks":["0.0.0.0/0"],"description":null,"from_port":80,"ipv6_cidr_blocks":null,"prefix_list_ids":null,"protocol":"tcp","security_groups":null,"self":null,"to_port":80}]},"name":{"constant_value":"mysecuritygroup"},"tags":{"constant_value":{"Name":"allow_all"}},"vpc_id":{"references":["local.myvpcid"]}},"schema_version":1,"depends_on":["aws_vpc.trailvpc"]},{"address":"aws_subnet.subnets","mode":"managed","type":"aws_subnet","name":"subnets","provider_config_key":"aws","expressions":{"cidr_block":{"references":["aws_vpc.trailvpc.cidr_block","aws_vpc.trailvpc","count.index"]},"tags":{"references":["var.subnet_names","count.index"]},"vpc_id":{"references":["aws_vpc.trailvpc.id","aws_vpc.trailvpc"]}},"schema_version":1,"count_expression":{"references":["var.subnet_names"]},"depends_on":["aws_vpc.trailvpc"]},{"address":"aws_vpc.trailvpc","mode":"managed","type":"aws_vpc","name":"trailvpc","provider_config_key":"aws","expressions":{"cidr_block":{"references":["var.vpc_cidr"]}},"schema_version":1},{"address":"data.aws_ami.ubuntu","mode":"data","type":"aws_ami","name":"ubuntu","provider_config_key":"aws","expressions":{"filter":[{"name":{"constant_value":"name"},"values":{"constant_value":["ubuntu/images/hvm-ssd/ubuntu-jammy-22.04-amd64-server-*"]}},{"name":{"constant_value":"virtualization-type"},"values":{"constant_value":["hvm"]}}],"most_recent":{"constant_value":true},"owners":{"constant_value":["099720109477"]}},"schema_version":0},{"address":"data.aws_subnets.publicSubnets","mode":"data","type":"aws_subnets","name":"publicSubnets","provider_config_key":"aws","expressions":{"filter":[{"name":{"constant_value":"vpc-id"},"values":{"references":["aws_vpc.trailvpc.id","aws_vpc.trailvpc"]}},{"name":{"constant_value":"tag:Name"},"values":{"references":["var.data_subnets"]}}]},"schema_version":0,"depends_on":["aws_subnet.subnets"]},{"address":"data.aws_subnets.pvtSubnets","mode":"data","type":"aws_subnets","name":"pvtSubnets","provider_config_key":"aws","expressions":{"filter":[{"name":{"constant_value":"vpc-id"},"values":{"references":["aws_vpc.trailvpc.id","aws_vpc.trailvpc"]}},{"name":{"constant_value":"tag:Name"},"values":{"references":["var.data_pvt_subnets"]}}]},"schema_version":0,"depends_on":["aws_subnet.subnets"]}],"variables":{"data_pvt_subnets":{"default":["pvt1","pvt2"],"description":"these are only pvt subnets"},"data_subnets":{"default":["pub1","pub2"],"description":"these are only pub subnets"},"my_region":{"default":"us-west-1","description":"enter the region of your choice"},"subnet_names":{"default":["pub1","pub2","pvt1","pvt2"],"description":"enter the desired names of subnets you want"},"vpc_cidr":{"default":"10.0.0.0/16","description":"enter the vpc cidr range of your choice"}}}},"relevant_attributes":[{"resource":"aws_security_group.my_lb__ec2_sg","attribute":["id"]},{"resource":"aws_subnet.subnets[0]","attribute":["id"]},{"resource":"aws_subnet.subnets[3]","attribute":["id"]}],"timestamp":"2024-06-27T04:49:40Z","errored":false}
